# THIS IS AN AUTOGENERATED FILE. DO NOT EDIT THIS FILE DIRECTLY.
# yarn lockfile v1


"aws-sdk@^2.933.0":
  "integrity" "sha512-AbP7lUIBVHX1/dnDMgcmmkRYRU5FeBRqemtsV+BwHywEKeiDpVi024KNOIkZkd4NoYtRiLEOwTzUP9w1z/EnxQ=="
  "resolved" "https://registry.npmjs.org/aws-sdk/-/aws-sdk-2.954.0.tgz"
  "version" "2.954.0"
  dependencies:
    "buffer" "4.9.2"
    "events" "1.1.1"
    "ieee754" "1.1.13"
    "jmespath" "0.15.0"
    "querystring" "0.2.0"
    "sax" "1.2.1"
    "url" "0.10.3"
    "uuid" "3.3.2"
    "xml2js" "0.4.19"

"base64-js@^1.0.2":
  "integrity" "sha512-AKpaYlHn8t4SVbOHCy+b5+KKgvR4vrsD8vbvrbiQJps7fKDTkjkDry6ji0rUJjC0kzbNePLwzxq8iypo41qeWA=="
  "resolved" "https://registry.npmjs.org/base64-js/-/base64-js-1.5.1.tgz"
  "version" "1.5.1"

"buffer@4.9.2":
  "integrity" "sha512-xq+q3SRMOxGivLhBNaUdC64hDTQwejJ+H0T/NB1XMtTVEwNTrfFF3gAxiyW0Bu/xWEGhjVKgUcMhCrUy2+uCWg=="
  "resolved" "https://registry.npmjs.org/buffer/-/buffer-4.9.2.tgz"
  "version" "4.9.2"
  dependencies:
    "base64-js" "^1.0.2"
    "ieee754" "^1.1.4"
    "isarray" "^1.0.0"

"core-js@^3.15.1":
  "integrity" "sha512-tKs41J7NJVuaya8DxIOCnl8QuPHx5/ZVbFo1oKgVl1qHFBBrDctzQGtuLjPpRdNTWmKPH6oEvgN/MUID+l485Q=="
  "resolved" "https://registry.npmjs.org/core-js/-/core-js-3.15.2.tgz"
  "version" "3.15.2"

"dynamodb-onetable@^1.5.6":
  "integrity" "sha512-1Y0TmCDr3NON1m+gchIYWbsnUOmCELKjTCNDiTuYnYJw+2/JQjCLildwi9NUcsAxtcPg43THX6FMSPmhLTnCBQ=="
  "resolved" "https://registry.npmjs.org/dynamodb-onetable/-/dynamodb-onetable-1.5.7.tgz"
  "version" "1.5.7"

"events@1.1.1":
  "integrity" "sha1-nr23Y1rQmccNzEwqH1AEKI6L2SQ="
  "resolved" "https://registry.npmjs.org/events/-/events-1.1.1.tgz"
  "version" "1.1.1"

"ieee754@^1.1.4", "ieee754@1.1.13":
  "integrity" "sha512-4vf7I2LYV/HaWerSo3XmlMkp5eZ83i+/CDluXi/IGTs/O1sejBNhTtnxzmRZfvOUqj7lZjqHkeTvpgSFDlWZTg=="
  "resolved" "https://registry.npmjs.org/ieee754/-/ieee754-1.1.13.tgz"
  "version" "1.1.13"

"isarray@^1.0.0":
  "integrity" "sha1-u5NdSFgsuhaMBoNJV6VKPgcSTxE="
  "resolved" "https://registry.npmjs.org/isarray/-/isarray-1.0.0.tgz"
  "version" "1.0.0"

"jmespath@0.15.0":
  "integrity" "sha1-o/Iiqarp+Wb10nx5ZRDigJF2Qhc="
  "resolved" "https://registry.npmjs.org/jmespath/-/jmespath-0.15.0.tgz"
  "version" "0.15.0"

"punycode@1.3.2":
  "integrity" "sha1-llOgNvt8HuQjQvIyXM7v6jkmxI0="
  "resolved" "https://registry.npmjs.org/punycode/-/punycode-1.3.2.tgz"
  "version" "1.3.2"

"querystring@0.2.0":
  "integrity" "sha1-sgmEkgO7Jd+CDadW50cAWHhSFiA="
  "resolved" "https://registry.npmjs.org/querystring/-/querystring-0.2.0.tgz"
  "version" "0.2.0"

"sax@>=0.6.0", "sax@1.2.1":
  "integrity" "sha1-e45lYZCyKOgaZq6nSEgNgozS03o="
  "resolved" "https://registry.npmjs.org/sax/-/sax-1.2.1.tgz"
  "version" "1.2.1"

"typescript@^4.3.4":
  "integrity" "sha512-DqQgihaQ9cUrskJo9kIyW/+g0Vxsk8cDtZ52a3NGh0YNTfpUSArXSohyUGnvbPazEPLu398C0UxmKSOrPumUzA=="
  "resolved" "https://registry.npmjs.org/typescript/-/typescript-4.3.5.tgz"
  "version" "4.3.5"

"url@0.10.3":
  "integrity" "sha1-Ah5NnHcF8hu/N9A861h2dAJ3TGQ="
  "resolved" "https://registry.npmjs.org/url/-/url-0.10.3.tgz"
  "version" "0.10.3"
  dependencies:
    "punycode" "1.3.2"
    "querystring" "0.2.0"

"uuid@3.3.2":
  "integrity" "sha512-yXJmeNaw3DnnKAOKJE51sL/ZaYfWJRl1pK9dr19YFCu0ObS231AB1/LbqTKRAQ5kw8A90rA6fr4riOUpTZvQZA=="
  "resolved" "https://registry.npmjs.org/uuid/-/uuid-3.3.2.tgz"
  "version" "3.3.2"

"xml2js@0.4.19":
  "integrity" "sha512-esZnJZJOiJR9wWKMyuvSE1y6Dq5LCuJanqhxslH2bxM6duahNZ+HMpCLhBQGZkbX6xRf8x1Y2eJlgt2q3qo49Q=="
  "resolved" "https://registry.npmjs.org/xml2js/-/xml2js-0.4.19.tgz"
  "version" "0.4.19"
  dependencies:
    "sax" ">=0.6.0"
    "xmlbuilder" "~9.0.1"

"xmlbuilder@~9.0.1":
  "integrity" "sha1-Ey7mPS7FVlxVfiD0wi35rKaGsQ0="
  "resolved" "https://registry.npmjs.org/xmlbuilder/-/xmlbuilder-9.0.7.tgz"
  "version" "9.0.7"
