{
    "name": "onetable-sample-packing",
    "version": "1.0.0",
    "lockfileVersion": 1,
    "requires": true,
    "dependencies": {
        "@aws-crypto/ie11-detection": {
            "version": "1.0.0",
            "resolved": "https://registry.npmjs.org/@aws-crypto/ie11-detection/-/ie11-detection-1.0.0.tgz",
            "integrity": "sha512-kCKVhCF1oDxFYgQrxXmIrS5oaWulkvRcPz+QBDMsUr2crbF4VGgGT6+uQhSwJFdUAQ2A//Vq+uT83eJrkzFgXA==",
            "requires": {
                "tslib": "^1.11.1"
            },
            "dependencies": {
                "tslib": {
                    "version": "1.14.1",
                    "resolved": "https://registry.npmjs.org/tslib/-/tslib-1.14.1.tgz",
                    "integrity": "sha512-Xni35NKzjgMrwevysHTCArtLDpPvye8zV/0E4EyYn43P7/7qvQwPh9BGkHewbMulVntbigmcT7rdX3BNo9wRJg=="
                }
            }
        },
        "@aws-crypto/sha256-browser": {
            "version": "1.1.0",
            "resolved": "https://registry.npmjs.org/@aws-crypto/sha256-browser/-/sha256-browser-1.1.0.tgz",
            "integrity": "sha512-VIpuLRDonMAHgomrsm/zKbeXTnxpr4aHDQmS4pF+NcpvBp64l675yjGA9hyUYs/QJwBjUl8WqMjh9tIRgi85Sg==",
            "requires": {
                "@aws-crypto/ie11-detection": "^1.0.0",
                "@aws-crypto/sha256-js": "^1.1.0",
                "@aws-crypto/supports-web-crypto": "^1.0.0",
                "@aws-sdk/types": "^3.1.0",
                "@aws-sdk/util-locate-window": "^3.0.0",
                "@aws-sdk/util-utf8-browser": "^3.0.0",
                "tslib": "^1.11.1"
            },
            "dependencies": {
                "tslib": {
                    "version": "1.14.1",
                    "resolved": "https://registry.npmjs.org/tslib/-/tslib-1.14.1.tgz",
                    "integrity": "sha512-Xni35NKzjgMrwevysHTCArtLDpPvye8zV/0E4EyYn43P7/7qvQwPh9BGkHewbMulVntbigmcT7rdX3BNo9wRJg=="
                }
            }
        },
        "@aws-crypto/sha256-js": {
            "version": "1.1.0",
            "resolved": "https://registry.npmjs.org/@aws-crypto/sha256-js/-/sha256-js-1.1.0.tgz",
            "integrity": "sha512-VIhuqbPgXDVr8sZe2yhgQcDRRmzf4CI8fmC1A3bHiRfE6wlz1d8KpeemqbuoEHotz/Dch9yOxlshyQDNjNFeHA==",
            "requires": {
                "@aws-sdk/types": "^3.1.0",
                "@aws-sdk/util-utf8-browser": "^3.0.0",
                "tslib": "^1.11.1"
            },
            "dependencies": {
                "tslib": {
                    "version": "1.14.1",
                    "resolved": "https://registry.npmjs.org/tslib/-/tslib-1.14.1.tgz",
                    "integrity": "sha512-Xni35NKzjgMrwevysHTCArtLDpPvye8zV/0E4EyYn43P7/7qvQwPh9BGkHewbMulVntbigmcT7rdX3BNo9wRJg=="
                }
            }
        },
        "@aws-crypto/supports-web-crypto": {
            "version": "1.0.0",
            "resolved": "https://registry.npmjs.org/@aws-crypto/supports-web-crypto/-/supports-web-crypto-1.0.0.tgz",
            "integrity": "sha512-IHLfv+WmVH89EW4n6a5eE8/hUlz6qkWGMn/v4r5ZgzcXdTC5nolii2z3k46y01hWRiC2PPhOdeSLzMUCUMco7g==",
            "requires": {
                "tslib": "^1.11.1"
            },
            "dependencies": {
                "tslib": {
                    "version": "1.14.1",
                    "resolved": "https://registry.npmjs.org/tslib/-/tslib-1.14.1.tgz",
                    "integrity": "sha512-Xni35NKzjgMrwevysHTCArtLDpPvye8zV/0E4EyYn43P7/7qvQwPh9BGkHewbMulVntbigmcT7rdX3BNo9wRJg=="
                }
            }
        },
        "@aws-sdk/abort-controller": {
            "version": "3.15.0",
            "resolved": "https://registry.npmjs.org/@aws-sdk/abort-controller/-/abort-controller-3.15.0.tgz",
            "integrity": "sha512-nwLgt1UZavVKL7rSZl3sN/3nzz+0JtGClM8epl4kV/EMoCjFSDX4SdeK6ukNgMk4QTghHbiclG1KIAQQZy6VQw==",
            "requires": {
                "@aws-sdk/types": "3.15.0",
                "tslib": "^2.0.0"
            }
        },
        "@aws-sdk/client-dynamodb": {
            "version": "3.17.0",
            "resolved": "https://registry.npmjs.org/@aws-sdk/client-dynamodb/-/client-dynamodb-3.17.0.tgz",
            "integrity": "sha512-BTfP42sU5BhN5zuN4gfCkYbY2CktyH4vNJcc1oAXyZLJoWo7+BiT+s2Bs/Rwoq/ZAKR7yp/I2n+b2LgDVp/E+g==",
            "requires": {
                "@aws-crypto/sha256-browser": "^1.0.0",
                "@aws-crypto/sha256-js": "^1.0.0",
                "@aws-sdk/client-sts": "3.17.0",
                "@aws-sdk/config-resolver": "3.16.0",
                "@aws-sdk/credential-provider-node": "3.17.0",
                "@aws-sdk/fetch-http-handler": "3.15.0",
                "@aws-sdk/hash-node": "3.15.0",
                "@aws-sdk/invalid-dependency": "3.15.0",
                "@aws-sdk/middleware-content-length": "3.15.0",
                "@aws-sdk/middleware-endpoint-discovery": "3.17.0",
                "@aws-sdk/middleware-host-header": "3.16.0",
                "@aws-sdk/middleware-logger": "3.15.0",
                "@aws-sdk/middleware-retry": "3.16.0",
                "@aws-sdk/middleware-serde": "3.15.0",
                "@aws-sdk/middleware-signing": "3.16.0",
                "@aws-sdk/middleware-stack": "3.15.0",
                "@aws-sdk/middleware-user-agent": "3.16.0",
                "@aws-sdk/node-config-provider": "3.15.0",
                "@aws-sdk/node-http-handler": "3.15.0",
                "@aws-sdk/protocol-http": "3.15.0",
                "@aws-sdk/smithy-client": "3.15.0",
                "@aws-sdk/types": "3.15.0",
                "@aws-sdk/url-parser": "3.15.0",
                "@aws-sdk/util-base64-browser": "3.13.1",
                "@aws-sdk/util-base64-node": "3.13.1",
                "@aws-sdk/util-body-length-browser": "3.13.1",
                "@aws-sdk/util-body-length-node": "3.13.1",
                "@aws-sdk/util-user-agent-browser": "3.15.0",
                "@aws-sdk/util-user-agent-node": "3.15.0",
                "@aws-sdk/util-utf8-browser": "3.13.1",
                "@aws-sdk/util-utf8-node": "3.13.1",
                "@aws-sdk/util-waiter": "3.15.0",
                "tslib": "^2.0.0",
                "uuid": "^8.3.2"
            }
        },
        "@aws-sdk/client-sso": {
            "version": "3.17.0",
            "resolved": "https://registry.npmjs.org/@aws-sdk/client-sso/-/client-sso-3.17.0.tgz",
            "integrity": "sha512-STlRDK6ZpJKh9sXIm6FO/JXm5K3IFoZfICCHaZHxPdf9CsuvemZQzV6Tf+OlO6yk6VG+mw22hnRIf0RyuRr7KA==",
            "requires": {
                "@aws-crypto/sha256-browser": "^1.0.0",
                "@aws-crypto/sha256-js": "^1.0.0",
                "@aws-sdk/config-resolver": "3.16.0",
                "@aws-sdk/fetch-http-handler": "3.15.0",
                "@aws-sdk/hash-node": "3.15.0",
                "@aws-sdk/invalid-dependency": "3.15.0",
                "@aws-sdk/middleware-content-length": "3.15.0",
                "@aws-sdk/middleware-host-header": "3.16.0",
                "@aws-sdk/middleware-logger": "3.15.0",
                "@aws-sdk/middleware-retry": "3.16.0",
                "@aws-sdk/middleware-serde": "3.15.0",
                "@aws-sdk/middleware-stack": "3.15.0",
                "@aws-sdk/middleware-user-agent": "3.16.0",
                "@aws-sdk/node-config-provider": "3.15.0",
                "@aws-sdk/node-http-handler": "3.15.0",
                "@aws-sdk/protocol-http": "3.15.0",
                "@aws-sdk/smithy-client": "3.15.0",
                "@aws-sdk/types": "3.15.0",
                "@aws-sdk/url-parser": "3.15.0",
                "@aws-sdk/util-base64-browser": "3.13.1",
                "@aws-sdk/util-base64-node": "3.13.1",
                "@aws-sdk/util-body-length-browser": "3.13.1",
                "@aws-sdk/util-body-length-node": "3.13.1",
                "@aws-sdk/util-user-agent-browser": "3.15.0",
                "@aws-sdk/util-user-agent-node": "3.15.0",
                "@aws-sdk/util-utf8-browser": "3.13.1",
                "@aws-sdk/util-utf8-node": "3.13.1",
                "tslib": "^2.0.0"
            }
        },
        "@aws-sdk/client-sts": {
            "version": "3.17.0",
            "resolved": "https://registry.npmjs.org/@aws-sdk/client-sts/-/client-sts-3.17.0.tgz",
            "integrity": "sha512-y1NEm+xEIr7ieDWusU/w27IuHE7jDDolQwSxYv48A1GBEzYUBoVqhP6XpiA0r0sBYkMMk+rwCHyCRWtaa7o6ow==",
            "requires": {
                "@aws-crypto/sha256-browser": "^1.0.0",
                "@aws-crypto/sha256-js": "^1.0.0",
                "@aws-sdk/config-resolver": "3.16.0",
                "@aws-sdk/credential-provider-node": "3.17.0",
                "@aws-sdk/fetch-http-handler": "3.15.0",
                "@aws-sdk/hash-node": "3.15.0",
                "@aws-sdk/invalid-dependency": "3.15.0",
                "@aws-sdk/middleware-content-length": "3.15.0",
                "@aws-sdk/middleware-host-header": "3.16.0",
                "@aws-sdk/middleware-logger": "3.15.0",
                "@aws-sdk/middleware-retry": "3.16.0",
                "@aws-sdk/middleware-sdk-sts": "3.16.0",
                "@aws-sdk/middleware-serde": "3.15.0",
                "@aws-sdk/middleware-signing": "3.16.0",
                "@aws-sdk/middleware-stack": "3.15.0",
                "@aws-sdk/middleware-user-agent": "3.16.0",
                "@aws-sdk/node-config-provider": "3.15.0",
                "@aws-sdk/node-http-handler": "3.15.0",
                "@aws-sdk/protocol-http": "3.15.0",
                "@aws-sdk/smithy-client": "3.15.0",
                "@aws-sdk/types": "3.15.0",
                "@aws-sdk/url-parser": "3.15.0",
                "@aws-sdk/util-base64-browser": "3.13.1",
                "@aws-sdk/util-base64-node": "3.13.1",
                "@aws-sdk/util-body-length-browser": "3.13.1",
                "@aws-sdk/util-body-length-node": "3.13.1",
                "@aws-sdk/util-user-agent-browser": "3.15.0",
                "@aws-sdk/util-user-agent-node": "3.15.0",
                "@aws-sdk/util-utf8-browser": "3.13.1",
                "@aws-sdk/util-utf8-node": "3.13.1",
                "entities": "2.2.0",
                "fast-xml-parser": "3.19.0",
                "tslib": "^2.0.0"
            }
        },
        "@aws-sdk/config-resolver": {
            "version": "3.16.0",
            "resolved": "https://registry.npmjs.org/@aws-sdk/config-resolver/-/config-resolver-3.16.0.tgz",
            "integrity": "sha512-63Vc9AxgXTUEPgiIF/BPsk/ZU+bImMxc/4X7SRSgiOM6azAuEWFD/G6vJFKT7dVN3EElx0frgQ8jHkjzutYXvQ==",
            "requires": {
                "@aws-sdk/signature-v4": "3.15.0",
                "@aws-sdk/types": "3.15.0",
                "tslib": "^2.0.0"
            }
        },
        "@aws-sdk/credential-provider-env": {
            "version": "3.15.0",
            "resolved": "https://registry.npmjs.org/@aws-sdk/credential-provider-env/-/credential-provider-env-3.15.0.tgz",
            "integrity": "sha512-MUn00HzT53KNbMheYw8r2I0PMV/yb5+yfUSf1fCKcErUROndIKIwZg7z0ru7zVrndKRRPEhXxCZ69wjWUJGwhQ==",
            "requires": {
                "@aws-sdk/property-provider": "3.15.0",
                "@aws-sdk/types": "3.15.0",
                "tslib": "^2.0.0"
            }
        },
        "@aws-sdk/credential-provider-imds": {
            "version": "3.15.0",
            "resolved": "https://registry.npmjs.org/@aws-sdk/credential-provider-imds/-/credential-provider-imds-3.15.0.tgz",
            "integrity": "sha512-kg1XEQ4TxaeOB7aOb8h4VcBtKZNBMe7d7whUDEvZgdQiFFOtrjUHrLDdaC9zQ/twxPJvkyMrXMc7iIXWVArZDA==",
            "requires": {
                "@aws-sdk/property-provider": "3.15.0",
                "@aws-sdk/types": "3.15.0",
                "tslib": "^2.0.0"
            }
        },
        "@aws-sdk/credential-provider-ini": {
            "version": "3.15.0",
            "resolved": "https://registry.npmjs.org/@aws-sdk/credential-provider-ini/-/credential-provider-ini-3.15.0.tgz",
            "integrity": "sha512-eUWGytO6CVsyqSk71eWUYkcjdRubd4IyRxGCaBDlBYiw/j9E2ENhI7fNLzEzdvMSNJG/jsyn8N/+13KjadAe1Q==",
            "requires": {
                "@aws-sdk/credential-provider-env": "3.15.0",
                "@aws-sdk/credential-provider-imds": "3.15.0",
                "@aws-sdk/credential-provider-web-identity": "3.15.0",
                "@aws-sdk/property-provider": "3.15.0",
                "@aws-sdk/shared-ini-file-loader": "3.13.1",
                "@aws-sdk/types": "3.15.0",
                "tslib": "^2.0.0"
            }
        },
        "@aws-sdk/credential-provider-node": {
            "version": "3.17.0",
            "resolved": "https://registry.npmjs.org/@aws-sdk/credential-provider-node/-/credential-provider-node-3.17.0.tgz",
            "integrity": "sha512-N8emwOfDvLbhhHC0vwbg0Cxk+s7Nac9jLYVklcoKsDMDqpiGgZ1ktkYkM2Asd+nTNJR+SbEKx0K/zvaDxKKnew==",
            "requires": {
                "@aws-sdk/credential-provider-env": "3.15.0",
                "@aws-sdk/credential-provider-imds": "3.15.0",
                "@aws-sdk/credential-provider-ini": "3.15.0",
                "@aws-sdk/credential-provider-process": "3.15.0",
                "@aws-sdk/credential-provider-sso": "3.17.0",
                "@aws-sdk/credential-provider-web-identity": "3.15.0",
                "@aws-sdk/property-provider": "3.15.0",
                "@aws-sdk/shared-ini-file-loader": "3.13.1",
                "@aws-sdk/types": "3.15.0",
                "tslib": "^2.0.0"
            }
        },
        "@aws-sdk/credential-provider-process": {
            "version": "3.15.0",
            "resolved": "https://registry.npmjs.org/@aws-sdk/credential-provider-process/-/credential-provider-process-3.15.0.tgz",
            "integrity": "sha512-BG9Rh9sxRYSPtSB/GHDMa6PZXNT3NHXk4ClShHZG/AFVHBU00n0NhZhdzWPDmY9dTaK3+bllCOYRhgkwyDPckQ==",
            "requires": {
                "@aws-sdk/credential-provider-ini": "3.15.0",
                "@aws-sdk/property-provider": "3.15.0",
                "@aws-sdk/shared-ini-file-loader": "3.13.1",
                "@aws-sdk/types": "3.15.0",
                "tslib": "^2.0.0"
            }
        },
        "@aws-sdk/credential-provider-sso": {
            "version": "3.17.0",
            "resolved": "https://registry.npmjs.org/@aws-sdk/credential-provider-sso/-/credential-provider-sso-3.17.0.tgz",
            "integrity": "sha512-lv9dbsgFfQeSYUMfX+4Ew2cNSAGJ1L2qgTZEK8o541RN852Y2BlQcW17nvG3rvR5UQxpsNfT2KoivFuS9fOoKA==",
            "requires": {
                "@aws-sdk/client-sso": "3.17.0",
                "@aws-sdk/credential-provider-ini": "3.15.0",
                "@aws-sdk/property-provider": "3.15.0",
                "@aws-sdk/shared-ini-file-loader": "3.13.1",
                "@aws-sdk/types": "3.15.0",
                "tslib": "^2.0.0"
            }
        },
        "@aws-sdk/credential-provider-web-identity": {
            "version": "3.15.0",
            "resolved": "https://registry.npmjs.org/@aws-sdk/credential-provider-web-identity/-/credential-provider-web-identity-3.15.0.tgz",
            "integrity": "sha512-dKhmIlVJkqZrRClZDpUq49twGq4xMSM3tTkWUz2DZaVp23vSb6c0WTLciEdQIE+D/V+OXp/in4scSeQcQFhKcA==",
            "requires": {
                "@aws-sdk/property-provider": "3.15.0",
                "@aws-sdk/types": "3.15.0",
                "tslib": "^2.0.0"
            }
        },
        "@aws-sdk/endpoint-cache": {
            "version": "3.17.0",
            "resolved": "https://registry.npmjs.org/@aws-sdk/endpoint-cache/-/endpoint-cache-3.17.0.tgz",
            "integrity": "sha512-I2tzgMPPjRRG3qPMx676s2Oav/WXuWaLN9Yyyo4yq+w9JBGbf+TI4ZUzSVJyZmfYGrYXxRo6eFb8zaKz6CiecQ==",
            "requires": {
                "mnemonist": "0.38.3",
                "tslib": "^2.0.0"
            }
        },
        "@aws-sdk/fetch-http-handler": {
            "version": "3.15.0",
            "resolved": "https://registry.npmjs.org/@aws-sdk/fetch-http-handler/-/fetch-http-handler-3.15.0.tgz",
            "integrity": "sha512-wF1w0yQm72pZhVD9faoeX4N059+qj/UL/Un3IzAUPP3LaZxs8MYgCCyXRrKTbFP5tM3OMVbiiKZ0UhcF0mHXMg==",
            "requires": {
                "@aws-sdk/protocol-http": "3.15.0",
                "@aws-sdk/querystring-builder": "3.15.0",
                "@aws-sdk/types": "3.15.0",
                "@aws-sdk/util-base64-browser": "3.13.1",
                "tslib": "^2.0.0"
            }
        },
        "@aws-sdk/hash-node": {
            "version": "3.15.0",
            "resolved": "https://registry.npmjs.org/@aws-sdk/hash-node/-/hash-node-3.15.0.tgz",
            "integrity": "sha512-0RKsH6bAhbkJ2CiXPEiUy4bzI5LPXVy1bQXJj1ajs+E4CzeBhRhiVSpgT8QiRmDlZoA1AcacaSnqGKPpt/840A==",
            "requires": {
                "@aws-sdk/types": "3.15.0",
                "@aws-sdk/util-buffer-from": "3.13.1",
                "tslib": "^2.0.0"
            }
        },
        "@aws-sdk/invalid-dependency": {
            "version": "3.15.0",
            "resolved": "https://registry.npmjs.org/@aws-sdk/invalid-dependency/-/invalid-dependency-3.15.0.tgz",
            "integrity": "sha512-zx1q/dm4Ye7KEluCqKDsnmdyM3okrXPr6TOEjKxBzn4bM+owtfUs6x8UQdospqE48tjY12PNC6XMya2VlE4dEQ==",
            "requires": {
                "@aws-sdk/types": "3.15.0",
                "tslib": "^2.0.0"
            }
        },
        "@aws-sdk/is-array-buffer": {
            "version": "3.13.1",
            "resolved": "https://registry.npmjs.org/@aws-sdk/is-array-buffer/-/is-array-buffer-3.13.1.tgz",
            "integrity": "sha512-W1pzDpk5iAaJAZnCHHBwFSU7HW6IbQn71DKe3nnbmTbY56QdKdSZ23r+6uWxtz1xetbEd5JdzWs+AD+Ji1pC7Q==",
            "requires": {
                "tslib": "^2.0.0"
            }
        },
        "@aws-sdk/middleware-content-length": {
            "version": "3.15.0",
            "resolved": "https://registry.npmjs.org/@aws-sdk/middleware-content-length/-/middleware-content-length-3.15.0.tgz",
            "integrity": "sha512-SsHBmwOSyQMNMSaqidbxL+0jV+lSGdQkWtZDGEPWzk8MENKBo6TBeNZ86elKqUNzRwPmPRDWhhttXStN/v3KSg==",
            "requires": {
                "@aws-sdk/protocol-http": "3.15.0",
                "@aws-sdk/types": "3.15.0",
                "tslib": "^2.0.0"
            }
        },
        "@aws-sdk/middleware-endpoint-discovery": {
            "version": "3.17.0",
            "resolved": "https://registry.npmjs.org/@aws-sdk/middleware-endpoint-discovery/-/middleware-endpoint-discovery-3.17.0.tgz",
            "integrity": "sha512-bi0VF8LLvO8SQbeAnyasw/EK/6iLHas0bD6e1I4wNXNpvFLFLItyH9+XuXWUDO2BCugzyHAzvOMiuu4nCQ8qCQ==",
            "requires": {
                "@aws-sdk/config-resolver": "3.16.0",
                "@aws-sdk/endpoint-cache": "3.17.0",
                "@aws-sdk/protocol-http": "3.15.0",
                "@aws-sdk/types": "3.15.0",
                "tslib": "^2.0.0"
            }
        },
        "@aws-sdk/middleware-host-header": {
            "version": "3.16.0",
            "resolved": "https://registry.npmjs.org/@aws-sdk/middleware-host-header/-/middleware-host-header-3.16.0.tgz",
            "integrity": "sha512-qM1kmq7ocv6W+kD8x49DQ1CoP5ZXrMrvIzG39s6KEq9+y14mkfHJfDATT/154oyOc3WfUNwHE1X29oYGNRtE0Q==",
            "requires": {
                "@aws-sdk/protocol-http": "3.15.0",
                "@aws-sdk/types": "3.15.0",
                "tslib": "^2.0.0"
            }
        },
        "@aws-sdk/middleware-logger": {
            "version": "3.15.0",
            "resolved": "https://registry.npmjs.org/@aws-sdk/middleware-logger/-/middleware-logger-3.15.0.tgz",
            "integrity": "sha512-HHGQ12H9mm3CgxEh5HrjsNrFiGcvgmR7yE2H4soe0Wq6lAnRc1HSBzlsbTqRaEZpSKA6YNK5jXaV/Q4ED2AexQ==",
            "requires": {
                "@aws-sdk/types": "3.15.0",
                "tslib": "^2.0.0"
            }
        },
        "@aws-sdk/middleware-retry": {
            "version": "3.16.0",
            "resolved": "https://registry.npmjs.org/@aws-sdk/middleware-retry/-/middleware-retry-3.16.0.tgz",
            "integrity": "sha512-cSRpS9zg+Pw1+g3l50yTRxq5X1NNTD9MCtzfBWieSXN3nYt3XdGs1vDbv5aPb/juh2q++7HmY6msvK7Tb6DPdA==",
            "requires": {
                "@aws-sdk/protocol-http": "3.15.0",
                "@aws-sdk/service-error-classification": "3.15.0",
                "@aws-sdk/types": "3.15.0",
                "tslib": "^2.0.0",
                "uuid": "^8.3.2"
            }
        },
        "@aws-sdk/middleware-sdk-sts": {
            "version": "3.16.0",
            "resolved": "https://registry.npmjs.org/@aws-sdk/middleware-sdk-sts/-/middleware-sdk-sts-3.16.0.tgz",
            "integrity": "sha512-7Xai+DJGKlLskeeCpzkQ6OvzCcoy0eaexUlvX3nprHvgxmVfnPomj3+LtpxKvxncgm16yIF72ISMEw7WataH/w==",
            "requires": {
                "@aws-sdk/middleware-signing": "3.16.0",
                "@aws-sdk/property-provider": "3.15.0",
                "@aws-sdk/protocol-http": "3.15.0",
                "@aws-sdk/signature-v4": "3.15.0",
                "@aws-sdk/types": "3.15.0",
                "tslib": "^2.0.0"
            }
        },
        "@aws-sdk/middleware-serde": {
            "version": "3.15.0",
            "resolved": "https://registry.npmjs.org/@aws-sdk/middleware-serde/-/middleware-serde-3.15.0.tgz",
            "integrity": "sha512-GeM+FHZe8LeKfdfUEx/KEM2HTMU3P0GlL9ntH2WB6wXCPeSrwR3Nf39UcjTUf3p7HKNXQG4xkN2ftJMfearIMw==",
            "requires": {
                "@aws-sdk/types": "3.15.0",
                "tslib": "^2.0.0"
            }
        },
        "@aws-sdk/middleware-signing": {
            "version": "3.16.0",
            "resolved": "https://registry.npmjs.org/@aws-sdk/middleware-signing/-/middleware-signing-3.16.0.tgz",
            "integrity": "sha512-1bQ64WUH2x0qqf34Hu82sa90XpgVs4LSIKLJ+KcC8KRRHuo2WGqS680CT7LNJ8cz7s6uA6mlUYHFf+dBZboTBw==",
            "requires": {
                "@aws-sdk/property-provider": "3.15.0",
                "@aws-sdk/protocol-http": "3.15.0",
                "@aws-sdk/signature-v4": "3.15.0",
                "@aws-sdk/types": "3.15.0",
                "tslib": "^2.0.0"
            }
        },
        "@aws-sdk/middleware-stack": {
            "version": "3.15.0",
            "resolved": "https://registry.npmjs.org/@aws-sdk/middleware-stack/-/middleware-stack-3.15.0.tgz",
            "integrity": "sha512-UjTI3K2TcfK3CpLKc7lp4/Bh0UzKR86vb7smLwFGt/3r/VvLxrN7XyU69+BFOk9vOGFro0H2LbGT7355aTQlfw==",
            "requires": {
                "tslib": "^2.0.0"
            }
        },
        "@aws-sdk/middleware-user-agent": {
            "version": "3.16.0",
            "resolved": "https://registry.npmjs.org/@aws-sdk/middleware-user-agent/-/middleware-user-agent-3.16.0.tgz",
            "integrity": "sha512-DlRirDWhQlShZuj7Jup2kMr7SasegkkWuUkNB4ukIzaO5iXKBuAYAYwbVd9rxajO0iATJS3QmLsiaxSmIyIh2A==",
            "requires": {
                "@aws-sdk/protocol-http": "3.15.0",
                "@aws-sdk/types": "3.15.0",
                "tslib": "^2.0.0"
            }
        },
        "@aws-sdk/node-config-provider": {
            "version": "3.15.0",
            "resolved": "https://registry.npmjs.org/@aws-sdk/node-config-provider/-/node-config-provider-3.15.0.tgz",
            "integrity": "sha512-rGF8rI1ApDNoj6zIMhBch9+gd3MGthrydW32ADVClzuslwSgg4Ao2zAD8ufebqaiK6Rl7My3AhYb56KKZaz7kw==",
            "requires": {
                "@aws-sdk/property-provider": "3.15.0",
                "@aws-sdk/shared-ini-file-loader": "3.13.1",
                "@aws-sdk/types": "3.15.0",
                "tslib": "^2.0.0"
            }
        },
        "@aws-sdk/node-http-handler": {
            "version": "3.15.0",
            "resolved": "https://registry.npmjs.org/@aws-sdk/node-http-handler/-/node-http-handler-3.15.0.tgz",
            "integrity": "sha512-Ryfnm0uvEMyB/PA1YM+wkYJK3Vy0Flg3m3QtbOXIrjSFtiXqF61yKWhBgsx8GuI2dGpKaPZXZFuRSSq+GLeGBQ==",
            "requires": {
                "@aws-sdk/abort-controller": "3.15.0",
                "@aws-sdk/protocol-http": "3.15.0",
                "@aws-sdk/querystring-builder": "3.15.0",
                "@aws-sdk/types": "3.15.0",
                "tslib": "^2.0.0"
            }
        },
        "@aws-sdk/property-provider": {
            "version": "3.15.0",
            "resolved": "https://registry.npmjs.org/@aws-sdk/property-provider/-/property-provider-3.15.0.tgz",
            "integrity": "sha512-cF/TmA06l2bElLZDXJpefnfPekIdUbtebHgthXkCwrwKnMsylnORHzvOTwlh6cjHDnGlfQMbgL608H0FEwMQKQ==",
            "requires": {
                "@aws-sdk/types": "3.15.0",
                "tslib": "^2.0.0"
            }
        },
        "@aws-sdk/protocol-http": {
            "version": "3.15.0",
            "resolved": "https://registry.npmjs.org/@aws-sdk/protocol-http/-/protocol-http-3.15.0.tgz",
            "integrity": "sha512-GPhjBXRKpttQEvEDzCgzchBGysQIoLjpIHDtKLowWfIHZ6DldP2nQWBQcWg3OZFvPK54aOEg1PX1TtTgMoUUmQ==",
            "requires": {
                "@aws-sdk/types": "3.15.0",
                "tslib": "^2.0.0"
            }
        },
        "@aws-sdk/querystring-builder": {
            "version": "3.15.0",
            "resolved": "https://registry.npmjs.org/@aws-sdk/querystring-builder/-/querystring-builder-3.15.0.tgz",
            "integrity": "sha512-MQcSAgVO0lqpFZCXg+4I4Gz0IGIWS542+ISnQLofpYC7Og1npfeB5Qia1aqQNUQbDl9GZzMX0unzv0agvAnynQ==",
            "requires": {
                "@aws-sdk/types": "3.15.0",
                "@aws-sdk/util-uri-escape": "3.13.1",
                "tslib": "^2.0.0"
            }
        },
        "@aws-sdk/querystring-parser": {
            "version": "3.15.0",
            "resolved": "https://registry.npmjs.org/@aws-sdk/querystring-parser/-/querystring-parser-3.15.0.tgz",
            "integrity": "sha512-AD8SLUolZ6sjhWp1lTPDA0UGbcEbz0eXwzMqWEunTeSnqMgrN86PWzYzevmm5Ego0HMPWf8QVK7mYuDJLa2row==",
            "requires": {
                "@aws-sdk/types": "3.15.0",
                "tslib": "^2.0.0"
            }
        },
        "@aws-sdk/service-error-classification": {
            "version": "3.15.0",
            "resolved": "https://registry.npmjs.org/@aws-sdk/service-error-classification/-/service-error-classification-3.15.0.tgz",
            "integrity": "sha512-ay7l8AgtGM3NvvUhsW8cKmTcDX460fGZZLUXUEbdtO274RzHLU3jKSLj0jg74b2212ZFRIMwh2OQHiy8brLu8Q=="
        },
        "@aws-sdk/shared-ini-file-loader": {
            "version": "3.13.1",
            "resolved": "https://registry.npmjs.org/@aws-sdk/shared-ini-file-loader/-/shared-ini-file-loader-3.13.1.tgz",
            "integrity": "sha512-zB+niFj0iIZu2aXmKv2Xhk404Lw6gawTZPjzR4vLuTmn563yhSUSw5hJN+v/O/bR1b3JV4NPubyIQT6CKx1YUA==",
            "requires": {
                "tslib": "^2.0.0"
            }
        },
        "@aws-sdk/signature-v4": {
            "version": "3.15.0",
            "resolved": "https://registry.npmjs.org/@aws-sdk/signature-v4/-/signature-v4-3.15.0.tgz",
            "integrity": "sha512-8gag588hf/yEqs6OUVvBkrwGy6dfKCG4i8tDy7xeRTZQe128LtJU7rgYHlvfcKsZL7U3A1elvn394684NvD2gA==",
            "requires": {
                "@aws-sdk/is-array-buffer": "3.13.1",
                "@aws-sdk/types": "3.15.0",
                "@aws-sdk/util-hex-encoding": "3.13.1",
                "@aws-sdk/util-uri-escape": "3.13.1",
                "tslib": "^2.0.0"
            }
        },
        "@aws-sdk/smithy-client": {
            "version": "3.15.0",
            "resolved": "https://registry.npmjs.org/@aws-sdk/smithy-client/-/smithy-client-3.15.0.tgz",
            "integrity": "sha512-i25agLm/8+pSSTVGFxSKiCNVN9EqT2UuwKtxHk2qOBQAVUhn7Rd6BLbmaGRM1yOvTIEAv4DW5hYJsxyLWg+3vw==",
            "requires": {
                "@aws-sdk/middleware-stack": "3.15.0",
                "@aws-sdk/types": "3.15.0",
                "tslib": "^2.0.0"
            }
        },
        "@aws-sdk/types": {
            "version": "3.15.0",
            "resolved": "https://registry.npmjs.org/@aws-sdk/types/-/types-3.15.0.tgz",
            "integrity": "sha512-hRfp40av3/dwxUH7KAgfLL3D02ohc7NYs/R0xFgYWEpAieB9/BHKuJPFGOSetqWw+Z6NOLiKKva8+/CcVOqzJQ=="
        },
        "@aws-sdk/url-parser": {
            "version": "3.15.0",
            "resolved": "https://registry.npmjs.org/@aws-sdk/url-parser/-/url-parser-3.15.0.tgz",
            "integrity": "sha512-kdS/1FKYbEjgEZw0JqtUtIxNx9btW8sbvXsiGaUmr/PW6UtOjB8Jp0ADcmkpRRGJaaDmxKJTyt7IKX4TIhTefQ==",
            "requires": {
                "@aws-sdk/querystring-parser": "3.15.0",
                "@aws-sdk/types": "3.15.0",
                "tslib": "^2.0.0"
            }
        },
        "@aws-sdk/util-base64-browser": {
            "version": "3.13.1",
            "resolved": "https://registry.npmjs.org/@aws-sdk/util-base64-browser/-/util-base64-browser-3.13.1.tgz",
            "integrity": "sha512-bev/PmmRLxTzGkmx88KFhJEL78koIvhYdKFmWtmSJz+trQEk37u6aulWQZF6dpiMGCKYcBfI5h3LsxE75pObTQ==",
            "requires": {
                "tslib": "^2.0.0"
            }
        },
        "@aws-sdk/util-base64-node": {
            "version": "3.13.1",
            "resolved": "https://registry.npmjs.org/@aws-sdk/util-base64-node/-/util-base64-node-3.13.1.tgz",
            "integrity": "sha512-z3bh+Luue39gIFOm56FSXOEZJq23J/IUM0Gj28dkdC0hpqdohP2NfcGUBhBlK8CFKBLB5GM1vVKo99T1/OQ/5g==",
            "requires": {
                "@aws-sdk/util-buffer-from": "3.13.1",
                "tslib": "^2.0.0"
            }
        },
        "@aws-sdk/util-body-length-browser": {
            "version": "3.13.1",
            "resolved": "https://registry.npmjs.org/@aws-sdk/util-body-length-browser/-/util-body-length-browser-3.13.1.tgz",
            "integrity": "sha512-qqbBRP1YCuCJ8jCQpP4kbSPrdwJxniccmzsyjkKmaOQoOil69FFNhdwzjrMFhahnsLYD9JUdEsJmHegPbIbUtA==",
            "requires": {
                "tslib": "^2.0.0"
            }
        },
        "@aws-sdk/util-body-length-node": {
            "version": "3.13.1",
            "resolved": "https://registry.npmjs.org/@aws-sdk/util-body-length-node/-/util-body-length-node-3.13.1.tgz",
            "integrity": "sha512-btSynL8nZmzXPImm/oAaE9aBl1feAZsGv1jR+7+CSM2P5emTEBF4/EuYX34KZTzW7BjSzeDeRK0SHK0IWAB4bw==",
            "requires": {
                "tslib": "^2.0.0"
            }
        },
        "@aws-sdk/util-buffer-from": {
            "version": "3.13.1",
            "resolved": "https://registry.npmjs.org/@aws-sdk/util-buffer-from/-/util-buffer-from-3.13.1.tgz",
            "integrity": "sha512-D/LT7a9wwB5Zo4CPWJwP/qdUhs8MYSs+tvyyF2Ox9v8AaUV+w8ukJY9/1/i1cS5bGH7aAjueTiAFSMt8ejVNCg==",
            "requires": {
                "@aws-sdk/is-array-buffer": "3.13.1",
                "tslib": "^2.0.0"
            }
        },
        "@aws-sdk/util-dynamodb": {
            "version": "3.17.0",
            "resolved": "https://registry.npmjs.org/@aws-sdk/util-dynamodb/-/util-dynamodb-3.17.0.tgz",
            "integrity": "sha512-B/N8/6fa8nCvMXKBjNpynk5c2/D9uCu+tk2Pjvnd++yQU5jf1YRavLZVP1i7UQMKPQKJkJH9NeEWgFKc/K/WvQ==",
            "requires": {
                "tslib": "^2.0.0"
            }
        },
        "@aws-sdk/util-hex-encoding": {
            "version": "3.13.1",
            "resolved": "https://registry.npmjs.org/@aws-sdk/util-hex-encoding/-/util-hex-encoding-3.13.1.tgz",
            "integrity": "sha512-NGIqG+L5B6xENgv25BH77F9EeTkN+3tO8sFBeTMjoS7rD3uVP1uLp/RHQENjn/EG/KtgjcNyglngDuS0ZKFOOQ==",
            "requires": {
                "tslib": "^2.0.0"
            }
        },
        "@aws-sdk/util-locate-window": {
            "version": "3.18.0",
            "resolved": "https://registry.npmjs.org/@aws-sdk/util-locate-window/-/util-locate-window-3.18.0.tgz",
            "integrity": "sha512-Lj2O9KaXCn+gPW23l3ydcSWe4HK0jH6teeSymbaFTwTjKtr4oLfDDKAOFoG5YyppQstEPqsL/RidVey4kOFfcg==",
            "requires": {
                "tslib": "^2.0.0"
            }
        },
        "@aws-sdk/util-uri-escape": {
            "version": "3.13.1",
            "resolved": "https://registry.npmjs.org/@aws-sdk/util-uri-escape/-/util-uri-escape-3.13.1.tgz",
            "integrity": "sha512-zejPAiPoS5Zja9nelZUJMdIwiXHKmubgumIV4USB+kgSR4f8BlSj/amM0NdGgZMjyVtuIvdiVHZssM/yK8G1Jg==",
            "requires": {
                "tslib": "^2.0.0"
            }
        },
        "@aws-sdk/util-user-agent-browser": {
            "version": "3.15.0",
            "resolved": "https://registry.npmjs.org/@aws-sdk/util-user-agent-browser/-/util-user-agent-browser-3.15.0.tgz",
            "integrity": "sha512-mPalPRVAux4vXSCnACvVRSL7C2DfhAB732w7rHLdwPfzVTzdHve/nWqDBp5SG16+Tumy4Q40vxXcLlL4UHv0JQ==",
            "requires": {
                "@aws-sdk/types": "3.15.0",
                "bowser": "^2.11.0",
                "tslib": "^2.0.0"
            }
        },
        "@aws-sdk/util-user-agent-node": {
            "version": "3.15.0",
            "resolved": "https://registry.npmjs.org/@aws-sdk/util-user-agent-node/-/util-user-agent-node-3.15.0.tgz",
            "integrity": "sha512-KiNUPjSuTkWqBemWwYa6wl/HXJV1KZuiE50Qx99oXrmCvS3zKagR2d7AfdMm7dKbcYYyF3G/fw6qIWpB2k/h1w==",
            "requires": {
                "@aws-sdk/node-config-provider": "3.15.0",
                "@aws-sdk/types": "3.15.0",
                "tslib": "^2.0.0"
            }
        },
        "@aws-sdk/util-utf8-browser": {
            "version": "3.13.1",
            "resolved": "https://registry.npmjs.org/@aws-sdk/util-utf8-browser/-/util-utf8-browser-3.13.1.tgz",
            "integrity": "sha512-+1FmtFOvDOYfoJnC6DEgjpcPKUERZA8VZ7JenY6SsEqVneWzHf4YVE2+KZM0DT9leLzgZBW/DKJWjeKxykaBEg==",
            "requires": {
                "tslib": "^2.0.0"
            }
        },
        "@aws-sdk/util-utf8-node": {
            "version": "3.13.1",
            "resolved": "https://registry.npmjs.org/@aws-sdk/util-utf8-node/-/util-utf8-node-3.13.1.tgz",
            "integrity": "sha512-2SVqcqQQah7cYny6mUmx9UlVIYiaCULnWqOvPkpAKLS3uDFhhFrjvdrQkJXjajR4r7xb73cGn+f2iRXrEqmopw==",
            "requires": {
                "@aws-sdk/util-buffer-from": "3.13.1",
                "tslib": "^2.0.0"
            }
        },
        "@aws-sdk/util-waiter": {
            "version": "3.15.0",
            "resolved": "https://registry.npmjs.org/@aws-sdk/util-waiter/-/util-waiter-3.15.0.tgz",
            "integrity": "sha512-7v5CqnHIeJ01KNW4P9rlgRu6+f5aFyZr3D+Alh1lBo4vRRuWn63OhZffS/xBY3nPyMZsGynQwofKVqqJfiqVgg==",
            "requires": {
                "@aws-sdk/abort-controller": "3.15.0",
                "@aws-sdk/types": "3.15.0",
                "tslib": "^2.0.0"
            }
        },
        "bowser": {
            "version": "2.11.0",
            "resolved": "https://registry.npmjs.org/bowser/-/bowser-2.11.0.tgz",
            "integrity": "sha512-AlcaJBi/pqqJBIQ8U9Mcpc9i8Aqxn88Skv5d+xBX006BY5u8N3mGLHa5Lgppa7L/HfwgwLgZ6NYs+Ag6uUmJRA=="
        },
        "core-js": {
            "version": "3.13.0",
            "resolved": "https://registry.npmjs.org/core-js/-/core-js-3.13.0.tgz",
            "integrity": "sha512-iWDbiyha1M5vFwPFmQnvRv+tJzGbFAm6XimJUT0NgHYW3xZEs1SkCAcasWSVFxpI2Xb/V1DDJckq3v90+bQnog=="
        },
        "dynamo-db-local": {
            "version": "4.0.2",
            "resolved": "https://registry.npmjs.org/dynamo-db-local/-/dynamo-db-local-4.0.2.tgz",
            "integrity": "sha512-YYkHfzP8qOtmieUc5nclSBtLdQ3T3y/JvssHQSmw5XHe0ljhwvZ+FGwIi1MQGJqyhJ3bLzrjrpBZ495IwsqtJg==",
            "dev": true
        },
        "dynamodb-onetable": {
            "version": "1.5.6",
            "resolved": "https://registry.npmjs.org/dynamodb-onetable/-/dynamodb-onetable-1.5.6.tgz",
            "integrity": "sha512-e6/WyevzL4SoUws6FqlwW4zke67V9I2jfqAoZv1ErezAEVP3u1oCUwFcuuv/EscALjtj8w6ijrljB6ifb42oXA=="
        },
        "entities": {
            "version": "2.2.0",
            "resolved": "https://registry.npmjs.org/entities/-/entities-2.2.0.tgz",
            "integrity": "sha512-p92if5Nz619I0w+akJrLZH0MX0Pb5DX39XOwQTtXSdQQOaYH03S1uIQp4mhOZtAXrxq4ViO67YTiLBo2638o9A=="
        },
        "fast-xml-parser": {
            "version": "3.19.0",
            "resolved": "https://registry.npmjs.org/fast-xml-parser/-/fast-xml-parser-3.19.0.tgz",
            "integrity": "sha512-4pXwmBplsCPv8FOY1WRakF970TjNGnGnfbOnLqjlYvMiF1SR3yOHyxMR/YCXpPTOspNF5gwudqktIP4VsWkvBg=="
        },
        "mnemonist": {
            "version": "0.38.3",
            "resolved": "https://registry.npmjs.org/mnemonist/-/mnemonist-0.38.3.tgz",
            "integrity": "sha512-2K9QYubXx/NAjv4VLq1d1Ly8pWNC5L3BrixtdkyTegXWJIqY+zLNDhhX/A+ZwWt70tB1S8H4BE8FLYEFyNoOBw==",
            "requires": {
                "obliterator": "^1.6.1"
            }
        },
        "obliterator": {
            "version": "1.6.1",
            "resolved": "https://registry.npmjs.org/obliterator/-/obliterator-1.6.1.tgz",
            "integrity": "sha512-9WXswnqINnnhOG/5SLimUlzuU1hFJUc8zkwyD59Sd+dPOMf05PmnYG/d6Q7HZ+KmgkZJa1PxRso6QdM3sTNHig=="
        },
        "tslib": {
            "version": "2.2.0",
            "resolved": "https://registry.npmjs.org/tslib/-/tslib-2.2.0.tgz",
            "integrity": "sha512-gS9GVHRU+RGn5KQM2rllAlR3dU6m7AcpJKdtH8gFvQiC4Otgk98XnmMU+nZenHt/+VhnBPWwgrJsyrdcw6i23w=="
        },
        "typescript": {
            "version": "4.3.2",
            "resolved": "https://registry.npmjs.org/typescript/-/typescript-4.3.2.tgz",
            "integrity": "sha512-zZ4hShnmnoVnAHpVHWpTcxdv7dWP60S2FsydQLV8V5PbS3FifjWFFRiHSWpDJahly88PRyV5teTSLoq4eG7mKw==",
            "dev": true
        },
        "uuid": {
            "version": "8.3.2",
            "resolved": "https://registry.npmjs.org/uuid/-/uuid-8.3.2.tgz",
            "integrity": "sha512-+NYs2QeMWy+GWFOEm9xnn6HCDp0l7QBD7ml8zLUmJ+93Q5NF0NocErnwkTkXVFNiX3/fpC6afS8Dhb/gz7R7eg=="
        }
    }
}
