{
    "name": "onetable-sample-overview",
    "version": "1.0.0",
    "lockfileVersion": 1,
    "requires": true,
    "dependencies": {
        "@aws-crypto/ie11-detection": {
            "version": "1.0.0",
            "resolved": "https://registry.npmjs.org/@aws-crypto/ie11-detection/-/ie11-detection-1.0.0.tgz",
            "integrity": "sha512-kCKVhCF1oDxFYgQrxXmIrS5oaWulkvRcPz+QBDMsUr2crbF4VGgGT6+uQhSwJFdUAQ2A//Vq+uT83eJrkzFgXA==",
            "requires": {
                "tslib": "^1.11.1"
            },
            "dependencies": {
                "tslib": {
                    "version": "1.14.1",
                    "resolved": "https://registry.npmjs.org/tslib/-/tslib-1.14.1.tgz",
                    "integrity": "sha512-Xni35NKzjgMrwevysHTCArtLDpPvye8zV/0E4EyYn43P7/7qvQwPh9BGkHewbMulVntbigmcT7rdX3BNo9wRJg=="
                }
            }
        },
        "@aws-crypto/sha256-browser": {
            "version": "1.1.0",
            "resolved": "https://registry.npmjs.org/@aws-crypto/sha256-browser/-/sha256-browser-1.1.0.tgz",
            "integrity": "sha512-VIpuLRDonMAHgomrsm/zKbeXTnxpr4aHDQmS4pF+NcpvBp64l675yjGA9hyUYs/QJwBjUl8WqMjh9tIRgi85Sg==",
            "requires": {
                "@aws-crypto/ie11-detection": "^1.0.0",
                "@aws-crypto/sha256-js": "^1.1.0",
                "@aws-crypto/supports-web-crypto": "^1.0.0",
                "@aws-sdk/types": "^3.1.0",
                "@aws-sdk/util-locate-window": "^3.0.0",
                "@aws-sdk/util-utf8-browser": "^3.0.0",
                "tslib": "^1.11.1"
            },
            "dependencies": {
                "tslib": {
                    "version": "1.14.1",
                    "resolved": "https://registry.npmjs.org/tslib/-/tslib-1.14.1.tgz",
                    "integrity": "sha512-Xni35NKzjgMrwevysHTCArtLDpPvye8zV/0E4EyYn43P7/7qvQwPh9BGkHewbMulVntbigmcT7rdX3BNo9wRJg=="
                }
            }
        },
        "@aws-crypto/sha256-js": {
            "version": "1.1.0",
            "resolved": "https://registry.npmjs.org/@aws-crypto/sha256-js/-/sha256-js-1.1.0.tgz",
            "integrity": "sha512-VIhuqbPgXDVr8sZe2yhgQcDRRmzf4CI8fmC1A3bHiRfE6wlz1d8KpeemqbuoEHotz/Dch9yOxlshyQDNjNFeHA==",
            "requires": {
                "@aws-sdk/types": "^3.1.0",
                "@aws-sdk/util-utf8-browser": "^3.0.0",
                "tslib": "^1.11.1"
            },
            "dependencies": {
                "tslib": {
                    "version": "1.14.1",
                    "resolved": "https://registry.npmjs.org/tslib/-/tslib-1.14.1.tgz",
                    "integrity": "sha512-Xni35NKzjgMrwevysHTCArtLDpPvye8zV/0E4EyYn43P7/7qvQwPh9BGkHewbMulVntbigmcT7rdX3BNo9wRJg=="
                }
            }
        },
        "@aws-crypto/supports-web-crypto": {
            "version": "1.0.0",
            "resolved": "https://registry.npmjs.org/@aws-crypto/supports-web-crypto/-/supports-web-crypto-1.0.0.tgz",
            "integrity": "sha512-IHLfv+WmVH89EW4n6a5eE8/hUlz6qkWGMn/v4r5ZgzcXdTC5nolii2z3k46y01hWRiC2PPhOdeSLzMUCUMco7g==",
            "requires": {
                "tslib": "^1.11.1"
            },
            "dependencies": {
                "tslib": {
                    "version": "1.14.1",
                    "resolved": "https://registry.npmjs.org/tslib/-/tslib-1.14.1.tgz",
                    "integrity": "sha512-Xni35NKzjgMrwevysHTCArtLDpPvye8zV/0E4EyYn43P7/7qvQwPh9BGkHewbMulVntbigmcT7rdX3BNo9wRJg=="
                }
            }
        },
        "@aws-sdk/abort-controller": {
            "version": "3.20.0",
            "resolved": "https://registry.npmjs.org/@aws-sdk/abort-controller/-/abort-controller-3.20.0.tgz",
            "integrity": "sha512-DnJbLzICjB6NyZXFi5wv1m9Rd/+8GN+aeti76rFEunykG+O0+GQcqOxC/lH58MkLBjaLrQhGhC2H1/L4Z75TPw==",
            "requires": {
                "@aws-sdk/types": "3.20.0",
                "tslib": "^2.0.0"
            }
        },
        "@aws-sdk/client-dynamodb": {
            "version": "3.20.0",
            "resolved": "https://registry.npmjs.org/@aws-sdk/client-dynamodb/-/client-dynamodb-3.20.0.tgz",
            "integrity": "sha512-pAMESJbwUGfqJqY7qHGiGiVJFdOC/yfS+l/MVfW0mRcdEnPzxgwF/LiHkCp10aurSFD1cZbXReGjNQGFTKbDVw==",
            "requires": {
                "@aws-crypto/sha256-browser": "^1.0.0",
                "@aws-crypto/sha256-js": "^1.0.0",
                "@aws-sdk/client-sts": "3.20.0",
                "@aws-sdk/config-resolver": "3.20.0",
                "@aws-sdk/credential-provider-node": "3.20.0",
                "@aws-sdk/fetch-http-handler": "3.20.0",
                "@aws-sdk/hash-node": "3.20.0",
                "@aws-sdk/invalid-dependency": "3.20.0",
                "@aws-sdk/middleware-content-length": "3.20.0",
                "@aws-sdk/middleware-endpoint-discovery": "3.20.0",
                "@aws-sdk/middleware-host-header": "3.20.0",
                "@aws-sdk/middleware-logger": "3.20.0",
                "@aws-sdk/middleware-retry": "3.20.0",
                "@aws-sdk/middleware-serde": "3.20.0",
                "@aws-sdk/middleware-signing": "3.20.0",
                "@aws-sdk/middleware-stack": "3.20.0",
                "@aws-sdk/middleware-user-agent": "3.20.0",
                "@aws-sdk/node-config-provider": "3.20.0",
                "@aws-sdk/node-http-handler": "3.20.0",
                "@aws-sdk/protocol-http": "3.20.0",
                "@aws-sdk/smithy-client": "3.20.0",
                "@aws-sdk/types": "3.20.0",
                "@aws-sdk/url-parser": "3.20.0",
                "@aws-sdk/util-base64-browser": "3.20.0",
                "@aws-sdk/util-base64-node": "3.20.0",
                "@aws-sdk/util-body-length-browser": "3.20.0",
                "@aws-sdk/util-body-length-node": "3.20.0",
                "@aws-sdk/util-user-agent-browser": "3.20.0",
                "@aws-sdk/util-user-agent-node": "3.20.0",
                "@aws-sdk/util-utf8-browser": "3.20.0",
                "@aws-sdk/util-utf8-node": "3.20.0",
                "@aws-sdk/util-waiter": "3.20.0",
                "tslib": "^2.0.0",
                "uuid": "^8.3.2"
            }
        },
        "@aws-sdk/client-sso": {
            "version": "3.20.0",
            "resolved": "https://registry.npmjs.org/@aws-sdk/client-sso/-/client-sso-3.20.0.tgz",
            "integrity": "sha512-pqLzjj9QIcsllFzakpZU8iPD38zkmfPq7EyLRLWwrR8GhRo+mBvmyG5D3rRDqmkR6G869OBa/hZngg9HmSfHDw==",
            "requires": {
                "@aws-crypto/sha256-browser": "^1.0.0",
                "@aws-crypto/sha256-js": "^1.0.0",
                "@aws-sdk/config-resolver": "3.20.0",
                "@aws-sdk/fetch-http-handler": "3.20.0",
                "@aws-sdk/hash-node": "3.20.0",
                "@aws-sdk/invalid-dependency": "3.20.0",
                "@aws-sdk/middleware-content-length": "3.20.0",
                "@aws-sdk/middleware-host-header": "3.20.0",
                "@aws-sdk/middleware-logger": "3.20.0",
                "@aws-sdk/middleware-retry": "3.20.0",
                "@aws-sdk/middleware-serde": "3.20.0",
                "@aws-sdk/middleware-stack": "3.20.0",
                "@aws-sdk/middleware-user-agent": "3.20.0",
                "@aws-sdk/node-config-provider": "3.20.0",
                "@aws-sdk/node-http-handler": "3.20.0",
                "@aws-sdk/protocol-http": "3.20.0",
                "@aws-sdk/smithy-client": "3.20.0",
                "@aws-sdk/types": "3.20.0",
                "@aws-sdk/url-parser": "3.20.0",
                "@aws-sdk/util-base64-browser": "3.20.0",
                "@aws-sdk/util-base64-node": "3.20.0",
                "@aws-sdk/util-body-length-browser": "3.20.0",
                "@aws-sdk/util-body-length-node": "3.20.0",
                "@aws-sdk/util-user-agent-browser": "3.20.0",
                "@aws-sdk/util-user-agent-node": "3.20.0",
                "@aws-sdk/util-utf8-browser": "3.20.0",
                "@aws-sdk/util-utf8-node": "3.20.0",
                "tslib": "^2.0.0"
            }
        },
        "@aws-sdk/client-sts": {
            "version": "3.20.0",
            "resolved": "https://registry.npmjs.org/@aws-sdk/client-sts/-/client-sts-3.20.0.tgz",
            "integrity": "sha512-Do3cg1p0c68mIAypDjLKJX12TQjWyM82Zh5XUbMFlYpQu4zKGkpG29nVSRXlBkCpHFS1T7WJUgqQjW36Xln6mg==",
            "requires": {
                "@aws-crypto/sha256-browser": "^1.0.0",
                "@aws-crypto/sha256-js": "^1.0.0",
                "@aws-sdk/config-resolver": "3.20.0",
                "@aws-sdk/credential-provider-node": "3.20.0",
                "@aws-sdk/fetch-http-handler": "3.20.0",
                "@aws-sdk/hash-node": "3.20.0",
                "@aws-sdk/invalid-dependency": "3.20.0",
                "@aws-sdk/middleware-content-length": "3.20.0",
                "@aws-sdk/middleware-host-header": "3.20.0",
                "@aws-sdk/middleware-logger": "3.20.0",
                "@aws-sdk/middleware-retry": "3.20.0",
                "@aws-sdk/middleware-sdk-sts": "3.20.0",
                "@aws-sdk/middleware-serde": "3.20.0",
                "@aws-sdk/middleware-signing": "3.20.0",
                "@aws-sdk/middleware-stack": "3.20.0",
                "@aws-sdk/middleware-user-agent": "3.20.0",
                "@aws-sdk/node-config-provider": "3.20.0",
                "@aws-sdk/node-http-handler": "3.20.0",
                "@aws-sdk/protocol-http": "3.20.0",
                "@aws-sdk/smithy-client": "3.20.0",
                "@aws-sdk/types": "3.20.0",
                "@aws-sdk/url-parser": "3.20.0",
                "@aws-sdk/util-base64-browser": "3.20.0",
                "@aws-sdk/util-base64-node": "3.20.0",
                "@aws-sdk/util-body-length-browser": "3.20.0",
                "@aws-sdk/util-body-length-node": "3.20.0",
                "@aws-sdk/util-user-agent-browser": "3.20.0",
                "@aws-sdk/util-user-agent-node": "3.20.0",
                "@aws-sdk/util-utf8-browser": "3.20.0",
                "@aws-sdk/util-utf8-node": "3.20.0",
                "entities": "2.2.0",
                "fast-xml-parser": "3.19.0",
                "tslib": "^2.0.0"
            }
        },
        "@aws-sdk/config-resolver": {
            "version": "3.20.0",
            "resolved": "https://registry.npmjs.org/@aws-sdk/config-resolver/-/config-resolver-3.20.0.tgz",
            "integrity": "sha512-mOq2RZIQHdZJxHWeNT0u3ulaWHAXr4NHuB/TBW66dJ8rRr5OlumnPHqbVb7x4qRbJqpzWvc1dj4RGR1x9NcIJA==",
            "requires": {
                "@aws-sdk/signature-v4": "3.20.0",
                "@aws-sdk/types": "3.20.0",
                "tslib": "^2.0.0"
            }
        },
        "@aws-sdk/credential-provider-env": {
            "version": "3.20.0",
            "resolved": "https://registry.npmjs.org/@aws-sdk/credential-provider-env/-/credential-provider-env-3.20.0.tgz",
            "integrity": "sha512-6jSgVUw3eZfU8ufCsCeJf5k+AJVDdKobK9Hkg0nTA07zOObo/xElri8a3XmjYj5iVuAcK/ErP5SXEEB3h/fjrQ==",
            "requires": {
                "@aws-sdk/property-provider": "3.20.0",
                "@aws-sdk/types": "3.20.0",
                "tslib": "^2.0.0"
            }
        },
        "@aws-sdk/credential-provider-imds": {
            "version": "3.20.0",
            "resolved": "https://registry.npmjs.org/@aws-sdk/credential-provider-imds/-/credential-provider-imds-3.20.0.tgz",
            "integrity": "sha512-l2R3HSwSb3Pm4jwMo0YWcbbapoK2/gBgb4h68JcsNXBI2yTthU41vioTNdMoWWlyCR0ii6QX3IUnB4NJY7RlLQ==",
            "requires": {
                "@aws-sdk/property-provider": "3.20.0",
                "@aws-sdk/types": "3.20.0",
                "tslib": "^2.0.0"
            }
        },
        "@aws-sdk/credential-provider-ini": {
            "version": "3.20.0",
            "resolved": "https://registry.npmjs.org/@aws-sdk/credential-provider-ini/-/credential-provider-ini-3.20.0.tgz",
            "integrity": "sha512-03HAQq9iP5YW+XnRw59LCPov0v9J7yovYIinmOGDiUaqNJl1aoizoryVqt5cLwZNjF+Xdxh2+41rP/u+agSfwA==",
            "requires": {
                "@aws-sdk/credential-provider-env": "3.20.0",
                "@aws-sdk/credential-provider-imds": "3.20.0",
                "@aws-sdk/credential-provider-web-identity": "3.20.0",
                "@aws-sdk/property-provider": "3.20.0",
                "@aws-sdk/shared-ini-file-loader": "3.20.0",
                "@aws-sdk/types": "3.20.0",
                "tslib": "^2.0.0"
            }
        },
        "@aws-sdk/credential-provider-node": {
            "version": "3.20.0",
            "resolved": "https://registry.npmjs.org/@aws-sdk/credential-provider-node/-/credential-provider-node-3.20.0.tgz",
            "integrity": "sha512-Pbcr0YYUQ8Y/o8xjHTF/TxnHEft+3FMqlN5WMTvA4yCQJowDKzcsAXp8m/FpHo55I0oC02PfVWHSAHZ86PmohQ==",
            "requires": {
                "@aws-sdk/credential-provider-env": "3.20.0",
                "@aws-sdk/credential-provider-imds": "3.20.0",
                "@aws-sdk/credential-provider-ini": "3.20.0",
                "@aws-sdk/credential-provider-process": "3.20.0",
                "@aws-sdk/credential-provider-sso": "3.20.0",
                "@aws-sdk/credential-provider-web-identity": "3.20.0",
                "@aws-sdk/property-provider": "3.20.0",
                "@aws-sdk/shared-ini-file-loader": "3.20.0",
                "@aws-sdk/types": "3.20.0",
                "tslib": "^2.0.0"
            }
        },
        "@aws-sdk/credential-provider-process": {
            "version": "3.20.0",
            "resolved": "https://registry.npmjs.org/@aws-sdk/credential-provider-process/-/credential-provider-process-3.20.0.tgz",
            "integrity": "sha512-GV6XCR5/tKgJVKyMhplsCh8vo5GhKBkmvB2HNZYBE0KQzh7Km8+raYQlzcfow++CZKddHN0PPuIfL94C0hpdtw==",
            "requires": {
                "@aws-sdk/credential-provider-ini": "3.20.0",
                "@aws-sdk/property-provider": "3.20.0",
                "@aws-sdk/shared-ini-file-loader": "3.20.0",
                "@aws-sdk/types": "3.20.0",
                "tslib": "^2.0.0"
            }
        },
        "@aws-sdk/credential-provider-sso": {
            "version": "3.20.0",
            "resolved": "https://registry.npmjs.org/@aws-sdk/credential-provider-sso/-/credential-provider-sso-3.20.0.tgz",
            "integrity": "sha512-EJ+QiB+OXftY3fNNaFO8vaJm/Xe6x15iyl7W9qaUrPzifIBzFjkOQb4uhCM83S6OS/icWXZeMjbgsrGIqrtMHA==",
            "requires": {
                "@aws-sdk/client-sso": "3.20.0",
                "@aws-sdk/credential-provider-ini": "3.20.0",
                "@aws-sdk/property-provider": "3.20.0",
                "@aws-sdk/shared-ini-file-loader": "3.20.0",
                "@aws-sdk/types": "3.20.0",
                "tslib": "^2.0.0"
            }
        },
        "@aws-sdk/credential-provider-web-identity": {
            "version": "3.20.0",
            "resolved": "https://registry.npmjs.org/@aws-sdk/credential-provider-web-identity/-/credential-provider-web-identity-3.20.0.tgz",
            "integrity": "sha512-JJ1RQW5byI7FWSZOhWkTsrcs1wPdC6uG5JERQmcdPXOx9jCpBo8gETwYjlKxls/MbE+NSLCq5pQQKJs7Yz6K5g==",
            "requires": {
                "@aws-sdk/property-provider": "3.20.0",
                "@aws-sdk/types": "3.20.0",
                "tslib": "^2.0.0"
            }
        },
        "@aws-sdk/endpoint-cache": {
            "version": "3.20.0",
            "resolved": "https://registry.npmjs.org/@aws-sdk/endpoint-cache/-/endpoint-cache-3.20.0.tgz",
            "integrity": "sha512-4JOHusfsNANXoRTxSl+WkoYjNDg3kXTExNSL8VLCwT5lDe1WRioBAxaxeO3QSi10DtkhB3/maaPlVk+I3m51Pw==",
            "requires": {
                "mnemonist": "0.38.3",
                "tslib": "^2.0.0"
            }
        },
        "@aws-sdk/fetch-http-handler": {
            "version": "3.20.0",
            "resolved": "https://registry.npmjs.org/@aws-sdk/fetch-http-handler/-/fetch-http-handler-3.20.0.tgz",
            "integrity": "sha512-VWCalEondhOsd5inE9W+p8jNVQAwgxR/k8yZys8ZuAQERhCKJcimgu7j9t5ruoGprmqnGcFmyFqZynxBZj6Urw==",
            "requires": {
                "@aws-sdk/protocol-http": "3.20.0",
                "@aws-sdk/querystring-builder": "3.20.0",
                "@aws-sdk/types": "3.20.0",
                "@aws-sdk/util-base64-browser": "3.20.0",
                "tslib": "^2.0.0"
            }
        },
        "@aws-sdk/hash-node": {
            "version": "3.20.0",
            "resolved": "https://registry.npmjs.org/@aws-sdk/hash-node/-/hash-node-3.20.0.tgz",
            "integrity": "sha512-PMRbrgkvXzWhmY2w/+rXG76tgCEB4+m7CM+OrXtbOdwwG6hyxPgdbvGwOLzbZXo4uxCcjQGpOUZTV54rW2rqgQ==",
            "requires": {
                "@aws-sdk/types": "3.20.0",
                "@aws-sdk/util-buffer-from": "3.20.0",
                "tslib": "^2.0.0"
            }
        },
        "@aws-sdk/invalid-dependency": {
            "version": "3.20.0",
            "resolved": "https://registry.npmjs.org/@aws-sdk/invalid-dependency/-/invalid-dependency-3.20.0.tgz",
            "integrity": "sha512-++0e6Z4m0qZXMbhiezJroJhh1x4rWgTm2AI6k0+Jkl6gTN8TzLHFXLoaK1UGKzhouSleL982b1DeJoNLVgE5zA==",
            "requires": {
                "@aws-sdk/types": "3.20.0",
                "tslib": "^2.0.0"
            }
        },
        "@aws-sdk/is-array-buffer": {
            "version": "3.20.0",
            "resolved": "https://registry.npmjs.org/@aws-sdk/is-array-buffer/-/is-array-buffer-3.20.0.tgz",
            "integrity": "sha512-l7A254/SA+DE1kNWcNHDKGUbpmmR3fjr65LPJeiB88Rnh+3M7F103JCNoA5x1Heb7QfUd4GMAUaYkaUlaWmnJw==",
            "requires": {
                "tslib": "^2.0.0"
            }
        },
        "@aws-sdk/middleware-content-length": {
            "version": "3.20.0",
            "resolved": "https://registry.npmjs.org/@aws-sdk/middleware-content-length/-/middleware-content-length-3.20.0.tgz",
            "integrity": "sha512-UXp+RQOHfv18EpPcELBtB4WktOqQnICW5JsGWkYfVv/WAxeZD1C2SC7wiNfeSLRsHfcfefAW5zznvFtdzke4AA==",
            "requires": {
                "@aws-sdk/protocol-http": "3.20.0",
                "@aws-sdk/types": "3.20.0",
                "tslib": "^2.0.0"
            }
        },
        "@aws-sdk/middleware-endpoint-discovery": {
            "version": "3.20.0",
            "resolved": "https://registry.npmjs.org/@aws-sdk/middleware-endpoint-discovery/-/middleware-endpoint-discovery-3.20.0.tgz",
            "integrity": "sha512-Wn791oAGCqCQZf7O9GFHoV3+xZlsnpVTudICv5JeiF5+CqtjNTWpHbGbIqcIyZvDjb8YMjjIjoKkHAOpTE5VzQ==",
            "requires": {
                "@aws-sdk/config-resolver": "3.20.0",
                "@aws-sdk/endpoint-cache": "3.20.0",
                "@aws-sdk/protocol-http": "3.20.0",
                "@aws-sdk/types": "3.20.0",
                "tslib": "^2.0.0"
            }
        },
        "@aws-sdk/middleware-host-header": {
            "version": "3.20.0",
            "resolved": "https://registry.npmjs.org/@aws-sdk/middleware-host-header/-/middleware-host-header-3.20.0.tgz",
            "integrity": "sha512-7FNZlfahz7J1aoJxdsPS49dYtBYJLap8WofQw8fJodOEGsVDvphCEApInfCVIqiGcpqMcQaR9mGPsKIbV1qZQw==",
            "requires": {
                "@aws-sdk/protocol-http": "3.20.0",
                "@aws-sdk/types": "3.20.0",
                "tslib": "^2.0.0"
            }
        },
        "@aws-sdk/middleware-logger": {
            "version": "3.20.0",
            "resolved": "https://registry.npmjs.org/@aws-sdk/middleware-logger/-/middleware-logger-3.20.0.tgz",
            "integrity": "sha512-0zYQJsBHRwop8N3uKtoa8rm58Y1Wkz2TADnWXSkMQg+vX4SgWE/1fYMb23I7p0tjTp8jZ0nRbxaO59DGu73kxQ==",
            "requires": {
                "@aws-sdk/types": "3.20.0",
                "tslib": "^2.0.0"
            }
        },
        "@aws-sdk/middleware-retry": {
            "version": "3.20.0",
            "resolved": "https://registry.npmjs.org/@aws-sdk/middleware-retry/-/middleware-retry-3.20.0.tgz",
            "integrity": "sha512-Cyu9GDJ/TcxQDw/O5iZckHRzRs9ystvf5nEWB40QT5++485Lpkh/mz2WPdsboTmcPSGlPM8llaboyI8/DvAUJg==",
            "requires": {
                "@aws-sdk/protocol-http": "3.20.0",
                "@aws-sdk/service-error-classification": "3.20.0",
                "@aws-sdk/types": "3.20.0",
                "tslib": "^2.0.0",
                "uuid": "^8.3.2"
            }
        },
        "@aws-sdk/middleware-sdk-sts": {
            "version": "3.20.0",
            "resolved": "https://registry.npmjs.org/@aws-sdk/middleware-sdk-sts/-/middleware-sdk-sts-3.20.0.tgz",
            "integrity": "sha512-dHsWL3aryeCl2BX3UVHFQPCsIQdx3Y2bWlY+6dUZdd65YWxvrrpoR5m5LrubUvt7SD+KQ++K/6h8A3gFGKs4UA==",
            "requires": {
                "@aws-sdk/middleware-signing": "3.20.0",
                "@aws-sdk/property-provider": "3.20.0",
                "@aws-sdk/protocol-http": "3.20.0",
                "@aws-sdk/signature-v4": "3.20.0",
                "@aws-sdk/types": "3.20.0",
                "tslib": "^2.0.0"
            }
        },
        "@aws-sdk/middleware-serde": {
            "version": "3.20.0",
            "resolved": "https://registry.npmjs.org/@aws-sdk/middleware-serde/-/middleware-serde-3.20.0.tgz",
            "integrity": "sha512-Hz5fmo0APcfkyqQGiGof7fNOcvi4CS7m9Gb+iJMiIzpVPSsve3tVe45rqYHo7NOj4Jed5E6/lujUprNHRxFEMQ==",
            "requires": {
                "@aws-sdk/types": "3.20.0",
                "tslib": "^2.0.0"
            }
        },
        "@aws-sdk/middleware-signing": {
            "version": "3.20.0",
            "resolved": "https://registry.npmjs.org/@aws-sdk/middleware-signing/-/middleware-signing-3.20.0.tgz",
            "integrity": "sha512-ittOpXvHFRLUteWPEeemJeqyvi+lYlkXXF60dqnpza8sJOtsRP03VSeN9aLGNGcIKeg97WkejVCiobRoJnE4ig==",
            "requires": {
                "@aws-sdk/property-provider": "3.20.0",
                "@aws-sdk/protocol-http": "3.20.0",
                "@aws-sdk/signature-v4": "3.20.0",
                "@aws-sdk/types": "3.20.0",
                "tslib": "^2.0.0"
            }
        },
        "@aws-sdk/middleware-stack": {
            "version": "3.20.0",
            "resolved": "https://registry.npmjs.org/@aws-sdk/middleware-stack/-/middleware-stack-3.20.0.tgz",
            "integrity": "sha512-1lYl93BuYWQ7rWyTtIlaPTCvAnabMQ2kbJFH5j76ag7esRLownObmcqWNMEJ4bbw5TXXY4nG7BdRoTlmo47Mow==",
            "requires": {
                "tslib": "^2.0.0"
            }
        },
        "@aws-sdk/middleware-user-agent": {
            "version": "3.20.0",
            "resolved": "https://registry.npmjs.org/@aws-sdk/middleware-user-agent/-/middleware-user-agent-3.20.0.tgz",
            "integrity": "sha512-EBiTXpUAjimSdzkEwHgcH96fWg8hDbtmus9ABf6Cor6EHUlHVeRAFULGIYo5ZFTy7DXbeHxjzPE7CcWEaUBvQQ==",
            "requires": {
                "@aws-sdk/protocol-http": "3.20.0",
                "@aws-sdk/types": "3.20.0",
                "tslib": "^2.0.0"
            }
        },
        "@aws-sdk/node-config-provider": {
            "version": "3.20.0",
            "resolved": "https://registry.npmjs.org/@aws-sdk/node-config-provider/-/node-config-provider-3.20.0.tgz",
            "integrity": "sha512-bHevyN3hHbtrAg3EQ85MFHKfCwSr481vgd3nQL1zhzGOAp2DWM0C3w7otV8H+ejcplwDwtL+9JVhhEFTFROniw==",
            "requires": {
                "@aws-sdk/property-provider": "3.20.0",
                "@aws-sdk/shared-ini-file-loader": "3.20.0",
                "@aws-sdk/types": "3.20.0",
                "tslib": "^2.0.0"
            }
        },
        "@aws-sdk/node-http-handler": {
            "version": "3.20.0",
            "resolved": "https://registry.npmjs.org/@aws-sdk/node-http-handler/-/node-http-handler-3.20.0.tgz",
            "integrity": "sha512-uK6qVeWFoNZfZTutj6RAAJjrlDMSp3dGzuF2xIbxSLjITNPtaXszssxVgaBYDZdDIaqe8I5DuyjGPoEW/xxJ1A==",
            "requires": {
                "@aws-sdk/abort-controller": "3.20.0",
                "@aws-sdk/protocol-http": "3.20.0",
                "@aws-sdk/querystring-builder": "3.20.0",
                "@aws-sdk/types": "3.20.0",
                "tslib": "^2.0.0"
            }
        },
        "@aws-sdk/property-provider": {
            "version": "3.20.0",
            "resolved": "https://registry.npmjs.org/@aws-sdk/property-provider/-/property-provider-3.20.0.tgz",
            "integrity": "sha512-mShEXLj9ZsAOu1VL+XlqssBr7TNVRKvkaAovzifxaHaLP91jFltWlSmAPFc2Yuc8MsVToHfpfTYc2dSFTBqGtw==",
            "requires": {
                "@aws-sdk/types": "3.20.0",
                "tslib": "^2.0.0"
            }
        },
        "@aws-sdk/protocol-http": {
            "version": "3.20.0",
            "resolved": "https://registry.npmjs.org/@aws-sdk/protocol-http/-/protocol-http-3.20.0.tgz",
            "integrity": "sha512-ZW9uyVk1Zbbaqo8LYc+MJ1EynZVQsa08o2I6Pho1fvheMcF/prcz+1HLQcJnfyNG76lM3Z/qQaEL7gGy2Ve6Cg==",
            "requires": {
                "@aws-sdk/types": "3.20.0",
                "tslib": "^2.0.0"
            }
        },
        "@aws-sdk/querystring-builder": {
            "version": "3.20.0",
            "resolved": "https://registry.npmjs.org/@aws-sdk/querystring-builder/-/querystring-builder-3.20.0.tgz",
            "integrity": "sha512-iImp9CEQHtJkVhchuH9dZWkhiCWcPSsEbeeNctydigB9RMAaThtkGJ/423mQFkzXuOplbYkpwlfW9hu4gutSOQ==",
            "requires": {
                "@aws-sdk/types": "3.20.0",
                "@aws-sdk/util-uri-escape": "3.20.0",
                "tslib": "^2.0.0"
            }
        },
        "@aws-sdk/querystring-parser": {
            "version": "3.20.0",
            "resolved": "https://registry.npmjs.org/@aws-sdk/querystring-parser/-/querystring-parser-3.20.0.tgz",
            "integrity": "sha512-Ven5A56SDDRJHCt84jzjrnW85LRzE9nClzbY14MjuITBo+azkbjZhyTutxK8/q8GQZMa2lhjnXLtfcT5rj1YjQ==",
            "requires": {
                "@aws-sdk/types": "3.20.0",
                "tslib": "^2.0.0"
            }
        },
        "@aws-sdk/service-error-classification": {
            "version": "3.20.0",
            "resolved": "https://registry.npmjs.org/@aws-sdk/service-error-classification/-/service-error-classification-3.20.0.tgz",
            "integrity": "sha512-mJb465doN5yq+XxP4bPnAubriewEPoICNQZouDVKZ44Q48USn6e7zX0OrYqBT56Inw8JrSD9u5VHqGsFiubnSA=="
        },
        "@aws-sdk/shared-ini-file-loader": {
            "version": "3.20.0",
            "resolved": "https://registry.npmjs.org/@aws-sdk/shared-ini-file-loader/-/shared-ini-file-loader-3.20.0.tgz",
            "integrity": "sha512-yUjSo5epgytDEaGSN+Sp/vY0HEdt9FU03KC3ON/q99+XEWVU2Y4045khXXWPHJ1wlvq3EOcRKG3u/0MDUJPnTg==",
            "requires": {
                "tslib": "^2.0.0"
            }
        },
        "@aws-sdk/signature-v4": {
            "version": "3.20.0",
            "resolved": "https://registry.npmjs.org/@aws-sdk/signature-v4/-/signature-v4-3.20.0.tgz",
            "integrity": "sha512-LvbRMPlTt7X55EEE/cYcXm/VoCtr0frEC3KoAiq1zSNHXkiw741NK0d44W0RyJciBcXYfnYYBocNH+wIkjFZEQ==",
            "requires": {
                "@aws-sdk/is-array-buffer": "3.20.0",
                "@aws-sdk/types": "3.20.0",
                "@aws-sdk/util-hex-encoding": "3.20.0",
                "@aws-sdk/util-uri-escape": "3.20.0",
                "tslib": "^2.0.0"
            }
        },
        "@aws-sdk/smithy-client": {
            "version": "3.20.0",
            "resolved": "https://registry.npmjs.org/@aws-sdk/smithy-client/-/smithy-client-3.20.0.tgz",
            "integrity": "sha512-co8VEuod5QoFbdXGouO+Kem6knj0NW302zUmYILk3r2UX5RJ/eVcaFJGS8oV89a8qZ7debazNS6IXZUxhlWUSg==",
            "requires": {
                "@aws-sdk/middleware-stack": "3.20.0",
                "@aws-sdk/types": "3.20.0",
                "tslib": "^2.0.0"
            }
        },
        "@aws-sdk/types": {
            "version": "3.20.0",
            "resolved": "https://registry.npmjs.org/@aws-sdk/types/-/types-3.20.0.tgz",
            "integrity": "sha512-ztrHBTJM0wU4rrt51Kff8DjGT5ReoEdY1IUu6T0lN7aH9113235WnBE44y+z/Y+nMC+t5+r74CkldkLf/vngNg=="
        },
        "@aws-sdk/url-parser": {
            "version": "3.20.0",
            "resolved": "https://registry.npmjs.org/@aws-sdk/url-parser/-/url-parser-3.20.0.tgz",
            "integrity": "sha512-9IvUtQ0p044KaVp7bdiXNB2vjhc6nZ02ph75e1wF1ISQiisDpQdTfAEy+TLFaw+95dBjyEG3PF6ybmFx6hNFxA==",
            "requires": {
                "@aws-sdk/querystring-parser": "3.20.0",
                "@aws-sdk/types": "3.20.0",
                "tslib": "^2.0.0"
            }
        },
        "@aws-sdk/util-base64-browser": {
            "version": "3.20.0",
            "resolved": "https://registry.npmjs.org/@aws-sdk/util-base64-browser/-/util-base64-browser-3.20.0.tgz",
            "integrity": "sha512-55ubHL6AyskjVg/gi21XubmGP11eHY1QG912L3ZZuf83IQOT5ApLXEJ8KZIReMCH62sFMrUl3Q/G3zB3daTyiQ==",
            "requires": {
                "tslib": "^2.0.0"
            }
        },
        "@aws-sdk/util-base64-node": {
            "version": "3.20.0",
            "resolved": "https://registry.npmjs.org/@aws-sdk/util-base64-node/-/util-base64-node-3.20.0.tgz",
            "integrity": "sha512-okeDxYT+hUoWAWB0QIMDry8NoTXNrK7bFtFoyRL+GUI98NCe5R8Md1SSm4aQZCoc4eaW4TKrM0gKB98VHXGZYA==",
            "requires": {
                "@aws-sdk/util-buffer-from": "3.20.0",
                "tslib": "^2.0.0"
            }
        },
        "@aws-sdk/util-body-length-browser": {
            "version": "3.20.0",
            "resolved": "https://registry.npmjs.org/@aws-sdk/util-body-length-browser/-/util-body-length-browser-3.20.0.tgz",
            "integrity": "sha512-/VnDExoqYwuEwlLMO1UHkmJpN+ujNgU7T+q4kVoTlcK90PZBjzRS0X+2c/xC005ArSwDDFxSyc8QNq4DWjZCsQ==",
            "requires": {
                "tslib": "^2.0.0"
            }
        },
        "@aws-sdk/util-body-length-node": {
            "version": "3.20.0",
            "resolved": "https://registry.npmjs.org/@aws-sdk/util-body-length-node/-/util-body-length-node-3.20.0.tgz",
            "integrity": "sha512-qn1ZGzaCULDwZTOsAXySp0b6lRBSinIujnRJM0155H8O1N8CDfvSeNPO9EUI/1M7u9zCS8zZ7jVO+MSVjn65ww==",
            "requires": {
                "tslib": "^2.0.0"
            }
        },
        "@aws-sdk/util-buffer-from": {
            "version": "3.20.0",
            "resolved": "https://registry.npmjs.org/@aws-sdk/util-buffer-from/-/util-buffer-from-3.20.0.tgz",
            "integrity": "sha512-nNed2o88c/Dagkszz0A75ARGOrmnpI+Ep4MopcAQ7tcLn5IXAHIAx7Hbs5pLxBVceh8d9nMu6xY516txRBgG+A==",
            "requires": {
                "@aws-sdk/is-array-buffer": "3.20.0",
                "tslib": "^2.0.0"
            }
        },
        "@aws-sdk/util-dynamodb": {
            "version": "3.20.0",
            "resolved": "https://registry.npmjs.org/@aws-sdk/util-dynamodb/-/util-dynamodb-3.20.0.tgz",
            "integrity": "sha512-U8NNrfzTE70kLkydC3g6xXgtY2Up0ZBVNhIX+E4AGn5e97h3wo65qKT+JyQOkn0/uYkIhhHUPPPvwsuDqIo2Yw==",
            "requires": {
                "tslib": "^2.0.0"
            }
        },
        "@aws-sdk/util-hex-encoding": {
            "version": "3.20.0",
            "resolved": "https://registry.npmjs.org/@aws-sdk/util-hex-encoding/-/util-hex-encoding-3.20.0.tgz",
            "integrity": "sha512-hUXgUVNpN61+F26qdBCQCclTGRWER/H1O8axuPKoyC7PPJPzxrHZbst7o/hEAIUYq76iJLGCSCC+dXlxvRN4HQ==",
            "requires": {
                "tslib": "^2.0.0"
            }
        },
        "@aws-sdk/util-locate-window": {
            "version": "3.20.0",
            "resolved": "https://registry.npmjs.org/@aws-sdk/util-locate-window/-/util-locate-window-3.20.0.tgz",
            "integrity": "sha512-AqSMOm+hwxdywQ/jmprZXJY8uftHTi4p9JuftxTnP7Nl28+G8+RrVmoGcOtYf9VfWRDo/AM7zhvDwu4jB9yclg==",
            "requires": {
                "tslib": "^2.0.0"
            }
        },
        "@aws-sdk/util-uri-escape": {
            "version": "3.20.0",
            "resolved": "https://registry.npmjs.org/@aws-sdk/util-uri-escape/-/util-uri-escape-3.20.0.tgz",
            "integrity": "sha512-BmlmK0zCAehj7V6Kql9vsXY0GTJZgXzSsyAVeXMvXq6D2JHU1UuJq0PAtxtGD4E8+CoSeowAaGyfUrqiCjJFBw==",
            "requires": {
                "tslib": "^2.0.0"
            }
        },
        "@aws-sdk/util-user-agent-browser": {
            "version": "3.20.0",
            "resolved": "https://registry.npmjs.org/@aws-sdk/util-user-agent-browser/-/util-user-agent-browser-3.20.0.tgz",
            "integrity": "sha512-DSXJsihYDk2QiBUjgeAf/oTOnALAPWiKbeLIF4aPMcTKBsY5MCbZjEtoODLGxY5V2TpWFlfcKNjhYSesZIDIqA==",
            "requires": {
                "@aws-sdk/types": "3.20.0",
                "bowser": "^2.11.0",
                "tslib": "^2.0.0"
            }
        },
        "@aws-sdk/util-user-agent-node": {
            "version": "3.20.0",
            "resolved": "https://registry.npmjs.org/@aws-sdk/util-user-agent-node/-/util-user-agent-node-3.20.0.tgz",
            "integrity": "sha512-WfC8p+ofygAhFArtXu/u6BZQDwrC/E5MffyoHdxbm4KpRznAOmEM/vzwrUFS8e93/OPYP8bFRMJCLRlER35a7g==",
            "requires": {
                "@aws-sdk/node-config-provider": "3.20.0",
                "@aws-sdk/types": "3.20.0",
                "tslib": "^2.0.0"
            }
        },
        "@aws-sdk/util-utf8-browser": {
            "version": "3.20.0",
            "resolved": "https://registry.npmjs.org/@aws-sdk/util-utf8-browser/-/util-utf8-browser-3.20.0.tgz",
            "integrity": "sha512-9ZSirHLA8RtNkrZj9jLcxujQCsflNY3PWyuRArce5OpPv6+vVzL2QvdG191xfTSi5EMIHvwlRl56bNo64D7dLg==",
            "requires": {
                "tslib": "^2.0.0"
            }
        },
        "@aws-sdk/util-utf8-node": {
            "version": "3.20.0",
            "resolved": "https://registry.npmjs.org/@aws-sdk/util-utf8-node/-/util-utf8-node-3.20.0.tgz",
            "integrity": "sha512-rEgl9slmtKYQkGgUmyMeqKzbaRq0YUtVqp+KddV9k12xvDJ05aJWw65YS83m4oX8bAeODKRUe7a1JuY2CIOzNQ==",
            "requires": {
                "@aws-sdk/util-buffer-from": "3.20.0",
                "tslib": "^2.0.0"
            }
        },
        "@aws-sdk/util-waiter": {
            "version": "3.20.0",
            "resolved": "https://registry.npmjs.org/@aws-sdk/util-waiter/-/util-waiter-3.20.0.tgz",
            "integrity": "sha512-LwRVZ7mlFkrMaPdmYl4XxJqv2d0M/Knygwmd8glYn03UU26Zjli5ZI1t0Jr6du71FChxAG/X4ko4TWh2zDD1hw==",
            "requires": {
                "@aws-sdk/abort-controller": "3.20.0",
                "@aws-sdk/types": "3.20.0",
                "tslib": "^2.0.0"
            }
        },
        "aws-sdk": {
            "version": "2.939.0",
            "resolved": "https://registry.npmjs.org/aws-sdk/-/aws-sdk-2.939.0.tgz",
            "integrity": "sha512-2KEAtTlVMDcpHP6+P9JU+mXTNhX3KZ0StW0Qi87oh8EUoRITZj64FrUylNvrCg69thCliAcNzBdlA1g5Iq+qEA==",
            "requires": {
                "buffer": "4.9.2",
                "events": "1.1.1",
                "ieee754": "1.1.13",
                "jmespath": "0.15.0",
                "querystring": "0.2.0",
                "sax": "1.2.1",
                "url": "0.10.3",
                "uuid": "3.3.2",
                "xml2js": "0.4.19"
            },
            "dependencies": {
                "uuid": {
                    "version": "3.3.2",
                    "resolved": "https://registry.npmjs.org/uuid/-/uuid-3.3.2.tgz",
                    "integrity": "sha512-yXJmeNaw3DnnKAOKJE51sL/ZaYfWJRl1pK9dr19YFCu0ObS231AB1/LbqTKRAQ5kw8A90rA6fr4riOUpTZvQZA=="
                }
            }
        },
        "base64-js": {
            "version": "1.5.1",
            "resolved": "https://registry.npmjs.org/base64-js/-/base64-js-1.5.1.tgz",
            "integrity": "sha512-AKpaYlHn8t4SVbOHCy+b5+KKgvR4vrsD8vbvrbiQJps7fKDTkjkDry6ji0rUJjC0kzbNePLwzxq8iypo41qeWA=="
        },
        "bowser": {
            "version": "2.11.0",
            "resolved": "https://registry.npmjs.org/bowser/-/bowser-2.11.0.tgz",
            "integrity": "sha512-AlcaJBi/pqqJBIQ8U9Mcpc9i8Aqxn88Skv5d+xBX006BY5u8N3mGLHa5Lgppa7L/HfwgwLgZ6NYs+Ag6uUmJRA=="
        },
        "buffer": {
            "version": "4.9.2",
            "resolved": "https://registry.npmjs.org/buffer/-/buffer-4.9.2.tgz",
            "integrity": "sha512-xq+q3SRMOxGivLhBNaUdC64hDTQwejJ+H0T/NB1XMtTVEwNTrfFF3gAxiyW0Bu/xWEGhjVKgUcMhCrUy2+uCWg==",
            "requires": {
                "base64-js": "^1.0.2",
                "ieee754": "^1.1.4",
                "isarray": "^1.0.0"
            }
        },
        "dynamo-db-local": {
            "version": "4.0.2",
            "resolved": "https://registry.npmjs.org/dynamo-db-local/-/dynamo-db-local-4.0.2.tgz",
            "integrity": "sha512-YYkHfzP8qOtmieUc5nclSBtLdQ3T3y/JvssHQSmw5XHe0ljhwvZ+FGwIi1MQGJqyhJ3bLzrjrpBZ495IwsqtJg==",
            "dev": true
        },
        "dynamodb-onetable": {
            "version": "1.5.2",
            "resolved": "https://registry.npmjs.org/dynamodb-onetable/-/dynamodb-onetable-1.5.2.tgz",
            "integrity": "sha512-LCm0GiIkzqF4NnctOzA/qEDxXKp6B6PZsGeGBdHYH9koY3zwGZzb4R3dRK4iRqAHFKoHmtMHzP3vR86hJ6ifxg=="
        },
        "entities": {
            "version": "2.2.0",
            "resolved": "https://registry.npmjs.org/entities/-/entities-2.2.0.tgz",
            "integrity": "sha512-p92if5Nz619I0w+akJrLZH0MX0Pb5DX39XOwQTtXSdQQOaYH03S1uIQp4mhOZtAXrxq4ViO67YTiLBo2638o9A=="
        },
        "events": {
            "version": "1.1.1",
            "resolved": "https://registry.npmjs.org/events/-/events-1.1.1.tgz",
            "integrity": "sha1-nr23Y1rQmccNzEwqH1AEKI6L2SQ="
        },
        "fast-xml-parser": {
            "version": "3.19.0",
            "resolved": "https://registry.npmjs.org/fast-xml-parser/-/fast-xml-parser-3.19.0.tgz",
            "integrity": "sha512-4pXwmBplsCPv8FOY1WRakF970TjNGnGnfbOnLqjlYvMiF1SR3yOHyxMR/YCXpPTOspNF5gwudqktIP4VsWkvBg=="
        },
        "ieee754": {
            "version": "1.1.13",
            "resolved": "https://registry.npmjs.org/ieee754/-/ieee754-1.1.13.tgz",
            "integrity": "sha512-4vf7I2LYV/HaWerSo3XmlMkp5eZ83i+/CDluXi/IGTs/O1sejBNhTtnxzmRZfvOUqj7lZjqHkeTvpgSFDlWZTg=="
        },
        "isarray": {
            "version": "1.0.0",
            "resolved": "https://registry.npmjs.org/isarray/-/isarray-1.0.0.tgz",
            "integrity": "sha1-u5NdSFgsuhaMBoNJV6VKPgcSTxE="
        },
        "jmespath": {
            "version": "0.15.0",
            "resolved": "https://registry.npmjs.org/jmespath/-/jmespath-0.15.0.tgz",
            "integrity": "sha1-o/Iiqarp+Wb10nx5ZRDigJF2Qhc="
        },
        "mnemonist": {
            "version": "0.38.3",
            "resolved": "https://registry.npmjs.org/mnemonist/-/mnemonist-0.38.3.tgz",
            "integrity": "sha512-2K9QYubXx/NAjv4VLq1d1Ly8pWNC5L3BrixtdkyTegXWJIqY+zLNDhhX/A+ZwWt70tB1S8H4BE8FLYEFyNoOBw==",
            "requires": {
                "obliterator": "^1.6.1"
            }
        },
        "obliterator": {
            "version": "1.6.1",
            "resolved": "https://registry.npmjs.org/obliterator/-/obliterator-1.6.1.tgz",
            "integrity": "sha512-9WXswnqINnnhOG/5SLimUlzuU1hFJUc8zkwyD59Sd+dPOMf05PmnYG/d6Q7HZ+KmgkZJa1PxRso6QdM3sTNHig=="
        },
        "punycode": {
            "version": "1.3.2",
            "resolved": "https://registry.npmjs.org/punycode/-/punycode-1.3.2.tgz",
            "integrity": "sha1-llOgNvt8HuQjQvIyXM7v6jkmxI0="
        },
        "querystring": {
            "version": "0.2.0",
            "resolved": "https://registry.npmjs.org/querystring/-/querystring-0.2.0.tgz",
            "integrity": "sha1-sgmEkgO7Jd+CDadW50cAWHhSFiA="
        },
        "sax": {
            "version": "1.2.1",
            "resolved": "https://registry.npmjs.org/sax/-/sax-1.2.1.tgz",
            "integrity": "sha1-e45lYZCyKOgaZq6nSEgNgozS03o="
        },
        "tslib": {
            "version": "2.3.0",
            "resolved": "https://registry.npmjs.org/tslib/-/tslib-2.3.0.tgz",
            "integrity": "sha512-N82ooyxVNm6h1riLCoyS9e3fuJ3AMG2zIZs2Gd1ATcSFjSA23Q0fzjjZeh0jbJvWVDZ0cJT8yaNNaaXHzueNjg=="
        },
        "typescript": {
            "version": "4.3.5",
            "resolved": "https://registry.npmjs.org/typescript/-/typescript-4.3.5.tgz",
            "integrity": "sha512-DqQgihaQ9cUrskJo9kIyW/+g0Vxsk8cDtZ52a3NGh0YNTfpUSArXSohyUGnvbPazEPLu398C0UxmKSOrPumUzA==",
            "dev": true
        },
        "url": {
            "version": "0.10.3",
            "resolved": "https://registry.npmjs.org/url/-/url-0.10.3.tgz",
            "integrity": "sha1-Ah5NnHcF8hu/N9A861h2dAJ3TGQ=",
            "requires": {
                "punycode": "1.3.2",
                "querystring": "0.2.0"
            }
        },
        "uuid": {
            "version": "8.3.2",
            "resolved": "https://registry.npmjs.org/uuid/-/uuid-8.3.2.tgz",
            "integrity": "sha512-+NYs2QeMWy+GWFOEm9xnn6HCDp0l7QBD7ml8zLUmJ+93Q5NF0NocErnwkTkXVFNiX3/fpC6afS8Dhb/gz7R7eg=="
        },
        "xml2js": {
            "version": "0.4.19",
            "resolved": "https://registry.npmjs.org/xml2js/-/xml2js-0.4.19.tgz",
            "integrity": "sha512-esZnJZJOiJR9wWKMyuvSE1y6Dq5LCuJanqhxslH2bxM6duahNZ+HMpCLhBQGZkbX6xRf8x1Y2eJlgt2q3qo49Q==",
            "requires": {
                "sax": ">=0.6.0",
                "xmlbuilder": "~9.0.1"
            }
        },
        "xmlbuilder": {
            "version": "9.0.7",
            "resolved": "https://registry.npmjs.org/xmlbuilder/-/xmlbuilder-9.0.7.tgz",
            "integrity": "sha1-Ey7mPS7FVlxVfiD0wi35rKaGsQ0="
        }
    }
}
